// !$*UTF8*$!
{
	archiveVersion = 1;
	classes = {
	};
	objectVersion = 46;
	objects = {

/* Begin PBXBuildFile section */
		02092DEE1CE38058006FEB21 /* MBProgressHUD.m in Sources */ = {isa = PBXBuildFile; fileRef = 02092DED1CE38058006FEB21 /* MBProgressHUD.m */; };
		02092DF21CE380A6006FEB21 /* MenuScrollView.m in Sources */ = {isa = PBXBuildFile; fileRef = 02092DF11CE380A6006FEB21 /* MenuScrollView.m */; };
		02092E011CE38F4B006FEB21 /* AFHTTPSessionManager.m in Sources */ = {isa = PBXBuildFile; fileRef = 02092DF51CE38F4B006FEB21 /* AFHTTPSessionManager.m */; };
		02092E021CE38F4B006FEB21 /* AFNetworkReachabilityManager.m in Sources */ = {isa = PBXBuildFile; fileRef = 02092DF81CE38F4B006FEB21 /* AFNetworkReachabilityManager.m */; };
		02092E031CE38F4B006FEB21 /* AFSecurityPolicy.m in Sources */ = {isa = PBXBuildFile; fileRef = 02092DFA1CE38F4B006FEB21 /* AFSecurityPolicy.m */; };
		02092E041CE38F4B006FEB21 /* AFURLRequestSerialization.m in Sources */ = {isa = PBXBuildFile; fileRef = 02092DFC1CE38F4B006FEB21 /* AFURLRequestSerialization.m */; };
		02092E051CE38F4B006FEB21 /* AFURLResponseSerialization.m in Sources */ = {isa = PBXBuildFile; fileRef = 02092DFE1CE38F4B006FEB21 /* AFURLResponseSerialization.m */; };
		02092E061CE38F4B006FEB21 /* AFURLSessionManager.m in Sources */ = {isa = PBXBuildFile; fileRef = 02092E001CE38F4B006FEB21 /* AFURLSessionManager.m */; };
		02092E1C1CE38F51006FEB21 /* AFAutoPurgingImageCache.m in Sources */ = {isa = PBXBuildFile; fileRef = 02092E091CE38F51006FEB21 /* AFAutoPurgingImageCache.m */; };
		02092E1D1CE38F51006FEB21 /* AFImageDownloader.m in Sources */ = {isa = PBXBuildFile; fileRef = 02092E0B1CE38F51006FEB21 /* AFImageDownloader.m */; };
		02092E1E1CE38F51006FEB21 /* AFNetworkActivityIndicatorManager.m in Sources */ = {isa = PBXBuildFile; fileRef = 02092E0D1CE38F51006FEB21 /* AFNetworkActivityIndicatorManager.m */; };
		02092E1F1CE38F51006FEB21 /* UIActivityIndicatorView+AFNetworking.m in Sources */ = {isa = PBXBuildFile; fileRef = 02092E0F1CE38F51006FEB21 /* UIActivityIndicatorView+AFNetworking.m */; };
		02092E201CE38F51006FEB21 /* UIButton+AFNetworking.m in Sources */ = {isa = PBXBuildFile; fileRef = 02092E111CE38F51006FEB21 /* UIButton+AFNetworking.m */; };
		02092E211CE38F51006FEB21 /* UIImageView+AFNetworking.m in Sources */ = {isa = PBXBuildFile; fileRef = 02092E141CE38F51006FEB21 /* UIImageView+AFNetworking.m */; };
		02092E221CE38F51006FEB21 /* UIProgressView+AFNetworking.m in Sources */ = {isa = PBXBuildFile; fileRef = 02092E171CE38F51006FEB21 /* UIProgressView+AFNetworking.m */; };
		02092E231CE38F51006FEB21 /* UIRefreshControl+AFNetworking.m in Sources */ = {isa = PBXBuildFile; fileRef = 02092E191CE38F51006FEB21 /* UIRefreshControl+AFNetworking.m */; };
		02092E241CE38F51006FEB21 /* UIWebView+AFNetworking.m in Sources */ = {isa = PBXBuildFile; fileRef = 02092E1B1CE38F51006FEB21 /* UIWebView+AFNetworking.m */; };
		021A10851D02711300FCA253 /* VerifySuccessController.m in Sources */ = {isa = PBXBuildFile; fileRef = 021A10841D02711300FCA253 /* VerifySuccessController.m */; };
		0238D2921D01875D007C184B /* ScoreCell.m in Sources */ = {isa = PBXBuildFile; fileRef = 0238D2911D01875D007C184B /* ScoreCell.m */; };
		024816B31CEB0465003C8CEC /* ModifyPasswordController.m in Sources */ = {isa = PBXBuildFile; fileRef = 024816B21CEB0465003C8CEC /* ModifyPasswordController.m */; };
		024816B61CEB0585003C8CEC /* ModifyPasswordCell.m in Sources */ = {isa = PBXBuildFile; fileRef = 024816B51CEB0585003C8CEC /* ModifyPasswordCell.m */; };
		024816BA1CEB1035003C8CEC /* User.m in Sources */ = {isa = PBXBuildFile; fileRef = 024816B91CEB1035003C8CEC /* User.m */; };
		026E8E1F1CE84D4800A8051C /* AccountController.m in Sources */ = {isa = PBXBuildFile; fileRef = 026E8E1E1CE84D4800A8051C /* AccountController.m */; };
		026E8E221CE84D9400A8051C /* AccountInfoView.m in Sources */ = {isa = PBXBuildFile; fileRef = 026E8E211CE84D9400A8051C /* AccountInfoView.m */; };
		0277B0341CF14F520099143B /* MJRefreshAutoFooter.m in Sources */ = {isa = PBXBuildFile; fileRef = 0277B00A1CF14F520099143B /* MJRefreshAutoFooter.m */; };
		0277B0351CF14F520099143B /* MJRefreshBackFooter.m in Sources */ = {isa = PBXBuildFile; fileRef = 0277B00C1CF14F520099143B /* MJRefreshBackFooter.m */; };
		0277B0361CF14F520099143B /* MJRefreshComponent.m in Sources */ = {isa = PBXBuildFile; fileRef = 0277B00E1CF14F520099143B /* MJRefreshComponent.m */; };
		0277B0371CF14F520099143B /* MJRefreshFooter.m in Sources */ = {isa = PBXBuildFile; fileRef = 0277B0101CF14F520099143B /* MJRefreshFooter.m */; };
		0277B0381CF14F520099143B /* MJRefreshHeader.m in Sources */ = {isa = PBXBuildFile; fileRef = 0277B0121CF14F520099143B /* MJRefreshHeader.m */; };
		0277B0391CF14F520099143B /* MJRefreshAutoGifFooter.m in Sources */ = {isa = PBXBuildFile; fileRef = 0277B0171CF14F520099143B /* MJRefreshAutoGifFooter.m */; };
		0277B03A1CF14F520099143B /* MJRefreshAutoNormalFooter.m in Sources */ = {isa = PBXBuildFile; fileRef = 0277B0191CF14F520099143B /* MJRefreshAutoNormalFooter.m */; };
		0277B03B1CF14F520099143B /* MJRefreshAutoStateFooter.m in Sources */ = {isa = PBXBuildFile; fileRef = 0277B01B1CF14F520099143B /* MJRefreshAutoStateFooter.m */; };
		0277B03C1CF14F520099143B /* MJRefreshBackGifFooter.m in Sources */ = {isa = PBXBuildFile; fileRef = 0277B01E1CF14F520099143B /* MJRefreshBackGifFooter.m */; };
		0277B03D1CF14F520099143B /* MJRefreshBackNormalFooter.m in Sources */ = {isa = PBXBuildFile; fileRef = 0277B0201CF14F520099143B /* MJRefreshBackNormalFooter.m */; };
		0277B03E1CF14F520099143B /* MJRefreshBackStateFooter.m in Sources */ = {isa = PBXBuildFile; fileRef = 0277B0221CF14F520099143B /* MJRefreshBackStateFooter.m */; };
		0277B03F1CF14F520099143B /* MJRefreshGifHeader.m in Sources */ = {isa = PBXBuildFile; fileRef = 0277B0251CF14F520099143B /* MJRefreshGifHeader.m */; };
		0277B0401CF14F520099143B /* MJRefreshNormalHeader.m in Sources */ = {isa = PBXBuildFile; fileRef = 0277B0271CF14F520099143B /* MJRefreshNormalHeader.m */; };
		0277B0411CF14F520099143B /* MJRefreshStateHeader.m in Sources */ = {isa = PBXBuildFile; fileRef = 0277B0291CF14F520099143B /* MJRefreshStateHeader.m */; };
		0277B0421CF14F520099143B /* MJRefresh.bundle in Resources */ = {isa = PBXBuildFile; fileRef = 0277B02A1CF14F520099143B /* MJRefresh.bundle */; };
		0277B0431CF14F520099143B /* MJRefreshConst.m in Sources */ = {isa = PBXBuildFile; fileRef = 0277B02D1CF14F520099143B /* MJRefreshConst.m */; };
		0277B0441CF14F520099143B /* UIScrollView+MJExtension.m in Sources */ = {isa = PBXBuildFile; fileRef = 0277B02F1CF14F520099143B /* UIScrollView+MJExtension.m */; };
		0277B0451CF14F520099143B /* UIScrollView+MJRefresh.m in Sources */ = {isa = PBXBuildFile; fileRef = 0277B0311CF14F520099143B /* UIScrollView+MJRefresh.m */; };
		0277B0461CF14F520099143B /* UIView+MJExtension.m in Sources */ = {isa = PBXBuildFile; fileRef = 0277B0331CF14F520099143B /* UIView+MJExtension.m */; };
		0277B0491CF1531B0099143B /* Activity.m in Sources */ = {isa = PBXBuildFile; fileRef = 0277B0481CF1531B0099143B /* Activity.m */; };
		0277B04E1CF154010099143B /* NSArray+Description.m in Sources */ = {isa = PBXBuildFile; fileRef = 0277B04B1CF154010099143B /* NSArray+Description.m */; };
		0277B04F1CF154010099143B /* NSDictionary+Decription.m in Sources */ = {isa = PBXBuildFile; fileRef = 0277B04D1CF154010099143B /* NSDictionary+Decription.m */; };
		0277B0581CF15B480099143B /* UIBarButtonItem+CustomItem.m in Sources */ = {isa = PBXBuildFile; fileRef = 0277B0571CF15B480099143B /* UIBarButtonItem+CustomItem.m */; };
		0277B05B1CF15B680099143B /* UIImage+Resize.m in Sources */ = {isa = PBXBuildFile; fileRef = 0277B05A1CF15B680099143B /* UIImage+Resize.m */; };
		0277B05E1CF15B7B0099143B /* QRCodeGenerator.m in Sources */ = {isa = PBXBuildFile; fileRef = 0277B05D1CF15B7B0099143B /* QRCodeGenerator.m */; };
		0277B0631CF15EE10099143B /* AppDelegate.m in Sources */ = {isa = PBXBuildFile; fileRef = 0277B0621CF15EE10099143B /* AppDelegate.m */; };
		0277B06A1CF160990099143B /* ActivityCell.m in Sources */ = {isa = PBXBuildFile; fileRef = 0277B0671CF160990099143B /* ActivityCell.m */; };
		0277B06B1CF160990099143B /* ActivityListController.m in Sources */ = {isa = PBXBuildFile; fileRef = 0277B0691CF160990099143B /* ActivityListController.m */; };
		0277B06E1CF160C60099143B /* CreateActivityController.m in Sources */ = {isa = PBXBuildFile; fileRef = 0277B06D1CF160C60099143B /* CreateActivityController.m */; };
		0277B0711CF161320099143B /* ActivityTitleView.m in Sources */ = {isa = PBXBuildFile; fileRef = 0277B0701CF161320099143B /* ActivityTitleView.m */; };
		0277B0741CF176460099143B /* ActivityDateView.m in Sources */ = {isa = PBXBuildFile; fileRef = 0277B0731CF176460099143B /* ActivityDateView.m */; };
		0277B0771CF1A5F00099143B /* SelectImageView.m in Sources */ = {isa = PBXBuildFile; fileRef = 0277B0761CF1A5F00099143B /* SelectImageView.m */; };
		027E98771CFE7088008495C9 /* ConsumeScoreByUserNameController.m in Sources */ = {isa = PBXBuildFile; fileRef = 027E98761CFE7088008495C9 /* ConsumeScoreByUserNameController.m */; };
		027E987A1CFE71B6008495C9 /* ConsumeScoreByQRCodeController.m in Sources */ = {isa = PBXBuildFile; fileRef = 027E98791CFE71B6008495C9 /* ConsumeScoreByQRCodeController.m */; };
		029B44901CF684D9000D40B8 /* GoodsConvertController.m in Sources */ = {isa = PBXBuildFile; fileRef = 029B448F1CF684D9000D40B8 /* GoodsConvertController.m */; };
		029B44A21CF685FF000D40B8 /* WMFooldView.m in Sources */ = {isa = PBXBuildFile; fileRef = 029B44941CF685FF000D40B8 /* WMFooldView.m */; };
		029B44A31CF685FF000D40B8 /* WMMenuItem.m in Sources */ = {isa = PBXBuildFile; fileRef = 029B44961CF685FF000D40B8 /* WMMenuItem.m */; };
		029B44A41CF685FF000D40B8 /* WMMenuView.m in Sources */ = {isa = PBXBuildFile; fileRef = 029B44981CF685FF000D40B8 /* WMMenuView.m */; };
		029B44A51CF685FF000D40B8 /* WMProgressView.m in Sources */ = {isa = PBXBuildFile; fileRef = 029B449A1CF685FF000D40B8 /* WMProgressView.m */; };
		029B44A61CF685FF000D40B8 /* WMScrollView.m in Sources */ = {isa = PBXBuildFile; fileRef = 029B449C1CF685FF000D40B8 /* WMScrollView.m */; };
		029B44A71CF685FF000D40B8 /* WMPageController.m in Sources */ = {isa = PBXBuildFile; fileRef = 029B44A11CF685FF000D40B8 /* WMPageController.m */; };
		029B44AA1CF6892B000D40B8 /* CheckCodeController.m in Sources */ = {isa = PBXBuildFile; fileRef = 029B44A91CF6892B000D40B8 /* CheckCodeController.m */; };
		029B44AD1CF68F16000D40B8 /* GoodsListController.m in Sources */ = {isa = PBXBuildFile; fileRef = 029B44AC1CF68F16000D40B8 /* GoodsListController.m */; };
		029B44D71CF6D63B000D40B8 /* GoodsInfoController.m in Sources */ = {isa = PBXBuildFile; fileRef = 029B44D61CF6D63B000D40B8 /* GoodsInfoController.m */; };
		029B44DA1CF6ED7C000D40B8 /* GoodsInfoView.m in Sources */ = {isa = PBXBuildFile; fileRef = 029B44D91CF6ED7C000D40B8 /* GoodsInfoView.m */; };
		029D3CDD1D0537DC00C6C1CA /* NSData+ImageContentType.m in Sources */ = {isa = PBXBuildFile; fileRef = 029D3CC11D0537DC00C6C1CA /* NSData+ImageContentType.m */; };
		029D3CDE1D0537DC00C6C1CA /* SDImageCache.m in Sources */ = {isa = PBXBuildFile; fileRef = 029D3CC31D0537DC00C6C1CA /* SDImageCache.m */; };
		029D3CDF1D0537DC00C6C1CA /* SDWebImageCompat.m in Sources */ = {isa = PBXBuildFile; fileRef = 029D3CC51D0537DC00C6C1CA /* SDWebImageCompat.m */; };
		029D3CE01D0537DC00C6C1CA /* SDWebImageDecoder.m in Sources */ = {isa = PBXBuildFile; fileRef = 029D3CC71D0537DC00C6C1CA /* SDWebImageDecoder.m */; };
		029D3CE11D0537DC00C6C1CA /* SDWebImageDownloader.m in Sources */ = {isa = PBXBuildFile; fileRef = 029D3CC91D0537DC00C6C1CA /* SDWebImageDownloader.m */; };
		029D3CE21D0537DC00C6C1CA /* SDWebImageDownloaderOperation.m in Sources */ = {isa = PBXBuildFile; fileRef = 029D3CCB1D0537DC00C6C1CA /* SDWebImageDownloaderOperation.m */; };
		029D3CE31D0537DC00C6C1CA /* SDWebImageManager.m in Sources */ = {isa = PBXBuildFile; fileRef = 029D3CCD1D0537DC00C6C1CA /* SDWebImageManager.m */; };
		029D3CE41D0537DC00C6C1CA /* SDWebImagePrefetcher.m in Sources */ = {isa = PBXBuildFile; fileRef = 029D3CD01D0537DC00C6C1CA /* SDWebImagePrefetcher.m */; };
		029D3CE51D0537DC00C6C1CA /* UIButton+WebCache.m in Sources */ = {isa = PBXBuildFile; fileRef = 029D3CD21D0537DC00C6C1CA /* UIButton+WebCache.m */; };
		029D3CE61D0537DC00C6C1CA /* UIImage+GIF.m in Sources */ = {isa = PBXBuildFile; fileRef = 029D3CD41D0537DC00C6C1CA /* UIImage+GIF.m */; };
		029D3CE71D0537DC00C6C1CA /* UIImage+MultiFormat.m in Sources */ = {isa = PBXBuildFile; fileRef = 029D3CD61D0537DC00C6C1CA /* UIImage+MultiFormat.m */; };
		029D3CE81D0537DC00C6C1CA /* UIImageView+HighlightedWebCache.m in Sources */ = {isa = PBXBuildFile; fileRef = 029D3CD81D0537DC00C6C1CA /* UIImageView+HighlightedWebCache.m */; };
		029D3CE91D0537DC00C6C1CA /* UIImageView+WebCache.m in Sources */ = {isa = PBXBuildFile; fileRef = 029D3CDA1D0537DC00C6C1CA /* UIImageView+WebCache.m */; };
		029D3CEA1D0537DC00C6C1CA /* UIView+WebCacheOperation.m in Sources */ = {isa = PBXBuildFile; fileRef = 029D3CDC1D0537DC00C6C1CA /* UIView+WebCacheOperation.m */; };
		029D44651CF33EFB00EB18A1 /* ViewUtil.m in Sources */ = {isa = PBXBuildFile; fileRef = 029D44641CF33EFB00EB18A1 /* ViewUtil.m */; };
		029D44691CF3420B00EB18A1 /* PopView.m in Sources */ = {isa = PBXBuildFile; fileRef = 029D44681CF3420B00EB18A1 /* PopView.m */; };
		02B1EC321CF83D8900D4C8C3 /* AddScorePopView.m in Sources */ = {isa = PBXBuildFile; fileRef = 02B1EC291CF83D8900D4C8C3 /* AddScorePopView.m */; };
		02B1EC331CF83D8900D4C8C3 /* AddScoreView.m in Sources */ = {isa = PBXBuildFile; fileRef = 02B1EC2B1CF83D8900D4C8C3 /* AddScoreView.m */; };
		02B1EC341CF83D8900D4C8C3 /* InputDateView.m in Sources */ = {isa = PBXBuildFile; fileRef = 02B1EC2D1CF83D8900D4C8C3 /* InputDateView.m */; };
		02B1EC351CF83D8900D4C8C3 /* QueryScoreChangeView.m in Sources */ = {isa = PBXBuildFile; fileRef = 02B1EC2F1CF83D8900D4C8C3 /* QueryScoreChangeView.m */; };
		02B1EC361CF83D8900D4C8C3 /* UsableScoreController.m in Sources */ = {isa = PBXBuildFile; fileRef = 02B1EC311CF83D8900D4C8C3 /* UsableScoreController.m */; };
		02B1EC391CF83E5800D4C8C3 /* ModifyScoreController.m in Sources */ = {isa = PBXBuildFile; fileRef = 02B1EC381CF83E5800D4C8C3 /* ModifyScoreController.m */; };
		02B8FE7C1CE80E24002BF43D /* RegisterController.m in Sources */ = {isa = PBXBuildFile; fileRef = 02B8FE7B1CE80E24002BF43D /* RegisterController.m */; };
		02B8FE831CE81363002BF43D /* HomeController.m in Sources */ = {isa = PBXBuildFile; fileRef = 02B8FE821CE81363002BF43D /* HomeController.m */; };
		02B8FE861CE8195B002BF43D /* HomeTopView.m in Sources */ = {isa = PBXBuildFile; fileRef = 02B8FE851CE8195B002BF43D /* HomeTopView.m */; };
		02BB6F2B1CFFC95C00ACF3E3 /* GoodsInfoCell.m in Sources */ = {isa = PBXBuildFile; fileRef = 02BB6F2A1CFFC95C00ACF3E3 /* GoodsInfoCell.m */; };
		02BB6F2E1CFFC96900ACF3E3 /* ConvertInfoCell.m in Sources */ = {isa = PBXBuildFile; fileRef = 02BB6F2D1CFFC96900ACF3E3 /* ConvertInfoCell.m */; };
		02BB6F311CFFDBDF00ACF3E3 /* ScanQRCodeController.m in Sources */ = {isa = PBXBuildFile; fileRef = 02BB6F301CFFDBDF00ACF3E3 /* ScanQRCodeController.m */; };
		02BB6F341D00163300ACF3E3 /* ConsumeScoreSuccessController.m in Sources */ = {isa = PBXBuildFile; fileRef = 02BB6F331D00163300ACF3E3 /* ConsumeScoreSuccessController.m */; };
		02D642E51CF1EEC400F62F5E /* ActivityContentView.m in Sources */ = {isa = PBXBuildFile; fileRef = 02D642E41CF1EEC400F62F5E /* ActivityContentView.m */; };
		02D642E91CF205D600F62F5E /* ActivityPopView.m in Sources */ = {isa = PBXBuildFile; fileRef = 02D642E81CF205D600F62F5E /* ActivityPopView.m */; };
		02DD6CDA1C796B6C00F215B3 /* main.m in Sources */ = {isa = PBXBuildFile; fileRef = 02DD6CD91C796B6C00F215B3 /* main.m */; };
		02DD6CE81C796B6D00F215B3 /* LaunchScreen.storyboard in Resources */ = {isa = PBXBuildFile; fileRef = 02DD6CE61C796B6D00F215B3 /* LaunchScreen.storyboard */; };
		02DD6CFF1C796E8600F215B3 /* Assets.xcassets in Resources */ = {isa = PBXBuildFile; fileRef = 02DD6CFE1C796E8600F215B3 /* Assets.xcassets */; };
		02F828BD1CFD52540010D22D /* ConsumeScoreController.m in Sources */ = {isa = PBXBuildFile; fileRef = 02F828BC1CFD52540010D22D /* ConsumeScoreController.m */; };
		02FFD03A1CDEE6F000EEA0D1 /* LoginController.m in Sources */ = {isa = PBXBuildFile; fileRef = 02FFD0391CDEE6F000EEA0D1 /* LoginController.m */; };
		02FFD03D1CDEE70D00EEA0D1 /* LoginView.m in Sources */ = {isa = PBXBuildFile; fileRef = 02FFD03C1CDEE70D00EEA0D1 /* LoginView.m */; };
		02FFD0431CDEE89C00EEA0D1 /* UIColor+Additional.m in Sources */ = {isa = PBXBuildFile; fileRef = 02FFD0421CDEE89C00EEA0D1 /* UIColor+Additional.m */; };
		02FFD04D1CDEF08A00EEA0D1 /* UIView+HYGeometry.m in Sources */ = {isa = PBXBuildFile; fileRef = 02FFD04C1CDEF08A00EEA0D1 /* UIView+HYGeometry.m */; };
/* End PBXBuildFile section */

/* Begin PBXFileReference section */
		02092DEC1CE38058006FEB21 /* MBProgressHUD.h */ = {isa = PBXFileReference; fileEncoding = 4; lastKnownFileType = sourcecode.c.h; path = MBProgressHUD.h; sourceTree = "<group>"; };
		02092DED1CE38058006FEB21 /* MBProgressHUD.m */ = {isa = PBXFileReference; fileEncoding = 4; lastKnownFileType = sourcecode.c.objc; path = MBProgressHUD.m; sourceTree = "<group>"; };
		02092DF01CE380A6006FEB21 /* MenuScrollView.h */ = {isa = PBXFileReference; fileEncoding = 4; lastKnownFileType = sourcecode.c.h; path = MenuScrollView.h; sourceTree = "<group>"; };
		02092DF11CE380A6006FEB21 /* MenuScrollView.m */ = {isa = PBXFileReference; fileEncoding = 4; lastKnownFileType = sourcecode.c.objc; path = MenuScrollView.m; sourceTree = "<group>"; };
		02092DF41CE38F4B006FEB21 /* AFHTTPSessionManager.h */ = {isa = PBXFileReference; fileEncoding = 4; lastKnownFileType = sourcecode.c.h; path = AFHTTPSessionManager.h; sourceTree = "<group>"; };
		02092DF51CE38F4B006FEB21 /* AFHTTPSessionManager.m */ = {isa = PBXFileReference; fileEncoding = 4; lastKnownFileType = sourcecode.c.objc; path = AFHTTPSessionManager.m; sourceTree = "<group>"; };
		02092DF61CE38F4B006FEB21 /* AFNetworking.h */ = {isa = PBXFileReference; fileEncoding = 4; lastKnownFileType = sourcecode.c.h; path = AFNetworking.h; sourceTree = "<group>"; };
		02092DF71CE38F4B006FEB21 /* AFNetworkReachabilityManager.h */ = {isa = PBXFileReference; fileEncoding = 4; lastKnownFileType = sourcecode.c.h; path = AFNetworkReachabilityManager.h; sourceTree = "<group>"; };
		02092DF81CE38F4B006FEB21 /* AFNetworkReachabilityManager.m */ = {isa = PBXFileReference; fileEncoding = 4; lastKnownFileType = sourcecode.c.objc; path = AFNetworkReachabilityManager.m; sourceTree = "<group>"; };
		02092DF91CE38F4B006FEB21 /* AFSecurityPolicy.h */ = {isa = PBXFileReference; fileEncoding = 4; lastKnownFileType = sourcecode.c.h; path = AFSecurityPolicy.h; sourceTree = "<group>"; };
		02092DFA1CE38F4B006FEB21 /* AFSecurityPolicy.m */ = {isa = PBXFileReference; fileEncoding = 4; lastKnownFileType = sourcecode.c.objc; path = AFSecurityPolicy.m; sourceTree = "<group>"; };
		02092DFB1CE38F4B006FEB21 /* AFURLRequestSerialization.h */ = {isa = PBXFileReference; fileEncoding = 4; lastKnownFileType = sourcecode.c.h; path = AFURLRequestSerialization.h; sourceTree = "<group>"; };
		02092DFC1CE38F4B006FEB21 /* AFURLRequestSerialization.m */ = {isa = PBXFileReference; fileEncoding = 4; lastKnownFileType = sourcecode.c.objc; path = AFURLRequestSerialization.m; sourceTree = "<group>"; };
		02092DFD1CE38F4B006FEB21 /* AFURLResponseSerialization.h */ = {isa = PBXFileReference; fileEncoding = 4; lastKnownFileType = sourcecode.c.h; path = AFURLResponseSerialization.h; sourceTree = "<group>"; };
		02092DFE1CE38F4B006FEB21 /* AFURLResponseSerialization.m */ = {isa = PBXFileReference; fileEncoding = 4; lastKnownFileType = sourcecode.c.objc; path = AFURLResponseSerialization.m; sourceTree = "<group>"; };
		02092DFF1CE38F4B006FEB21 /* AFURLSessionManager.h */ = {isa = PBXFileReference; fileEncoding = 4; lastKnownFileType = sourcecode.c.h; path = AFURLSessionManager.h; sourceTree = "<group>"; };
		02092E001CE38F4B006FEB21 /* AFURLSessionManager.m */ = {isa = PBXFileReference; fileEncoding = 4; lastKnownFileType = sourcecode.c.objc; path = AFURLSessionManager.m; sourceTree = "<group>"; };
		02092E081CE38F51006FEB21 /* AFAutoPurgingImageCache.h */ = {isa = PBXFileReference; fileEncoding = 4; lastKnownFileType = sourcecode.c.h; path = AFAutoPurgingImageCache.h; sourceTree = "<group>"; };
		02092E091CE38F51006FEB21 /* AFAutoPurgingImageCache.m */ = {isa = PBXFileReference; fileEncoding = 4; lastKnownFileType = sourcecode.c.objc; path = AFAutoPurgingImageCache.m; sourceTree = "<group>"; };
		02092E0A1CE38F51006FEB21 /* AFImageDownloader.h */ = {isa = PBXFileReference; fileEncoding = 4; lastKnownFileType = sourcecode.c.h; path = AFImageDownloader.h; sourceTree = "<group>"; };
		02092E0B1CE38F51006FEB21 /* AFImageDownloader.m */ = {isa = PBXFileReference; fileEncoding = 4; lastKnownFileType = sourcecode.c.objc; path = AFImageDownloader.m; sourceTree = "<group>"; };
		02092E0C1CE38F51006FEB21 /* AFNetworkActivityIndicatorManager.h */ = {isa = PBXFileReference; fileEncoding = 4; lastKnownFileType = sourcecode.c.h; path = AFNetworkActivityIndicatorManager.h; sourceTree = "<group>"; };
		02092E0D1CE38F51006FEB21 /* AFNetworkActivityIndicatorManager.m */ = {isa = PBXFileReference; fileEncoding = 4; lastKnownFileType = sourcecode.c.objc; path = AFNetworkActivityIndicatorManager.m; sourceTree = "<group>"; };
		02092E0E1CE38F51006FEB21 /* UIActivityIndicatorView+AFNetworking.h */ = {isa = PBXFileReference; fileEncoding = 4; lastKnownFileType = sourcecode.c.h; path = "UIActivityIndicatorView+AFNetworking.h"; sourceTree = "<group>"; };
		02092E0F1CE38F51006FEB21 /* UIActivityIndicatorView+AFNetworking.m */ = {isa = PBXFileReference; fileEncoding = 4; lastKnownFileType = sourcecode.c.objc; path = "UIActivityIndicatorView+AFNetworking.m"; sourceTree = "<group>"; };
		02092E101CE38F51006FEB21 /* UIButton+AFNetworking.h */ = {isa = PBXFileReference; fileEncoding = 4; lastKnownFileType = sourcecode.c.h; path = "UIButton+AFNetworking.h"; sourceTree = "<group>"; };
		02092E111CE38F51006FEB21 /* UIButton+AFNetworking.m */ = {isa = PBXFileReference; fileEncoding = 4; lastKnownFileType = sourcecode.c.objc; path = "UIButton+AFNetworking.m"; sourceTree = "<group>"; };
		02092E121CE38F51006FEB21 /* UIImage+AFNetworking.h */ = {isa = PBXFileReference; fileEncoding = 4; lastKnownFileType = sourcecode.c.h; path = "UIImage+AFNetworking.h"; sourceTree = "<group>"; };
		02092E131CE38F51006FEB21 /* UIImageView+AFNetworking.h */ = {isa = PBXFileReference; fileEncoding = 4; lastKnownFileType = sourcecode.c.h; path = "UIImageView+AFNetworking.h"; sourceTree = "<group>"; };
		02092E141CE38F51006FEB21 /* UIImageView+AFNetworking.m */ = {isa = PBXFileReference; fileEncoding = 4; lastKnownFileType = sourcecode.c.objc; path = "UIImageView+AFNetworking.m"; sourceTree = "<group>"; };
		02092E151CE38F51006FEB21 /* UIKit+AFNetworking.h */ = {isa = PBXFileReference; fileEncoding = 4; lastKnownFileType = sourcecode.c.h; path = "UIKit+AFNetworking.h"; sourceTree = "<group>"; };
		02092E161CE38F51006FEB21 /* UIProgressView+AFNetworking.h */ = {isa = PBXFileReference; fileEncoding = 4; lastKnownFileType = sourcecode.c.h; path = "UIProgressView+AFNetworking.h"; sourceTree = "<group>"; };
		02092E171CE38F51006FEB21 /* UIProgressView+AFNetworking.m */ = {isa = PBXFileReference; fileEncoding = 4; lastKnownFileType = sourcecode.c.objc; path = "UIProgressView+AFNetworking.m"; sourceTree = "<group>"; };
		02092E181CE38F51006FEB21 /* UIRefreshControl+AFNetworking.h */ = {isa = PBXFileReference; fileEncoding = 4; lastKnownFileType = sourcecode.c.h; path = "UIRefreshControl+AFNetworking.h"; sourceTree = "<group>"; };
		02092E191CE38F51006FEB21 /* UIRefreshControl+AFNetworking.m */ = {isa = PBXFileReference; fileEncoding = 4; lastKnownFileType = sourcecode.c.objc; path = "UIRefreshControl+AFNetworking.m"; sourceTree = "<group>"; };
		02092E1A1CE38F51006FEB21 /* UIWebView+AFNetworking.h */ = {isa = PBXFileReference; fileEncoding = 4; lastKnownFileType = sourcecode.c.h; path = "UIWebView+AFNetworking.h"; sourceTree = "<group>"; };
		02092E1B1CE38F51006FEB21 /* UIWebView+AFNetworking.m */ = {isa = PBXFileReference; fileEncoding = 4; lastKnownFileType = sourcecode.c.objc; path = "UIWebView+AFNetworking.m"; sourceTree = "<group>"; };
		02092E251CE38F73006FEB21 /* URLDefine.h */ = {isa = PBXFileReference; fileEncoding = 4; lastKnownFileType = sourcecode.c.h; path = URLDefine.h; sourceTree = "<group>"; };
		021A10831D02711300FCA253 /* VerifySuccessController.h */ = {isa = PBXFileReference; fileEncoding = 4; lastKnownFileType = sourcecode.c.h; path = VerifySuccessController.h; sourceTree = "<group>"; };
		021A10841D02711300FCA253 /* VerifySuccessController.m */ = {isa = PBXFileReference; fileEncoding = 4; lastKnownFileType = sourcecode.c.objc; path = VerifySuccessController.m; sourceTree = "<group>"; };
		0238D2901D01875D007C184B /* ScoreCell.h */ = {isa = PBXFileReference; fileEncoding = 4; lastKnownFileType = sourcecode.c.h; path = ScoreCell.h; sourceTree = "<group>"; };
		0238D2911D01875D007C184B /* ScoreCell.m */ = {isa = PBXFileReference; fileEncoding = 4; lastKnownFileType = sourcecode.c.objc; path = ScoreCell.m; sourceTree = "<group>"; };
		024816B11CEB0465003C8CEC /* ModifyPasswordController.h */ = {isa = PBXFileReference; fileEncoding = 4; lastKnownFileType = sourcecode.c.h; path = ModifyPasswordController.h; sourceTree = "<group>"; };
		024816B21CEB0465003C8CEC /* ModifyPasswordController.m */ = {isa = PBXFileReference; fileEncoding = 4; lastKnownFileType = sourcecode.c.objc; path = ModifyPasswordController.m; sourceTree = "<group>"; };
		024816B41CEB0585003C8CEC /* ModifyPasswordCell.h */ = {isa = PBXFileReference; fileEncoding = 4; lastKnownFileType = sourcecode.c.h; path = ModifyPasswordCell.h; sourceTree = "<group>"; };
		024816B51CEB0585003C8CEC /* ModifyPasswordCell.m */ = {isa = PBXFileReference; fileEncoding = 4; lastKnownFileType = sourcecode.c.objc; path = ModifyPasswordCell.m; sourceTree = "<group>"; };
		024816B81CEB1035003C8CEC /* User.h */ = {isa = PBXFileReference; fileEncoding = 4; lastKnownFileType = sourcecode.c.h; path = User.h; sourceTree = "<group>"; };
		024816B91CEB1035003C8CEC /* User.m */ = {isa = PBXFileReference; fileEncoding = 4; lastKnownFileType = sourcecode.c.objc; path = User.m; sourceTree = "<group>"; };
		026E8E1D1CE84D4800A8051C /* AccountController.h */ = {isa = PBXFileReference; fileEncoding = 4; lastKnownFileType = sourcecode.c.h; path = AccountController.h; sourceTree = "<group>"; };
		026E8E1E1CE84D4800A8051C /* AccountController.m */ = {isa = PBXFileReference; fileEncoding = 4; lastKnownFileType = sourcecode.c.objc; path = AccountController.m; sourceTree = "<group>"; };
		026E8E201CE84D9400A8051C /* AccountInfoView.h */ = {isa = PBXFileReference; fileEncoding = 4; lastKnownFileType = sourcecode.c.h; path = AccountInfoView.h; sourceTree = "<group>"; };
		026E8E211CE84D9400A8051C /* AccountInfoView.m */ = {isa = PBXFileReference; fileEncoding = 4; lastKnownFileType = sourcecode.c.objc; path = AccountInfoView.m; sourceTree = "<group>"; };
		0277B0091CF14F520099143B /* MJRefreshAutoFooter.h */ = {isa = PBXFileReference; fileEncoding = 4; lastKnownFileType = sourcecode.c.h; path = MJRefreshAutoFooter.h; sourceTree = "<group>"; };
		0277B00A1CF14F520099143B /* MJRefreshAutoFooter.m */ = {isa = PBXFileReference; fileEncoding = 4; lastKnownFileType = sourcecode.c.objc; path = MJRefreshAutoFooter.m; sourceTree = "<group>"; };
		0277B00B1CF14F520099143B /* MJRefreshBackFooter.h */ = {isa = PBXFileReference; fileEncoding = 4; lastKnownFileType = sourcecode.c.h; path = MJRefreshBackFooter.h; sourceTree = "<group>"; };
		0277B00C1CF14F520099143B /* MJRefreshBackFooter.m */ = {isa = PBXFileReference; fileEncoding = 4; lastKnownFileType = sourcecode.c.objc; path = MJRefreshBackFooter.m; sourceTree = "<group>"; };
		0277B00D1CF14F520099143B /* MJRefreshComponent.h */ = {isa = PBXFileReference; fileEncoding = 4; lastKnownFileType = sourcecode.c.h; path = MJRefreshComponent.h; sourceTree = "<group>"; };
		0277B00E1CF14F520099143B /* MJRefreshComponent.m */ = {isa = PBXFileReference; fileEncoding = 4; lastKnownFileType = sourcecode.c.objc; path = MJRefreshComponent.m; sourceTree = "<group>"; };
		0277B00F1CF14F520099143B /* MJRefreshFooter.h */ = {isa = PBXFileReference; fileEncoding = 4; lastKnownFileType = sourcecode.c.h; path = MJRefreshFooter.h; sourceTree = "<group>"; };
		0277B0101CF14F520099143B /* MJRefreshFooter.m */ = {isa = PBXFileReference; fileEncoding = 4; lastKnownFileType = sourcecode.c.objc; path = MJRefreshFooter.m; sourceTree = "<group>"; };
		0277B0111CF14F520099143B /* MJRefreshHeader.h */ = {isa = PBXFileReference; fileEncoding = 4; lastKnownFileType = sourcecode.c.h; path = MJRefreshHeader.h; sourceTree = "<group>"; };
		0277B0121CF14F520099143B /* MJRefreshHeader.m */ = {isa = PBXFileReference; fileEncoding = 4; lastKnownFileType = sourcecode.c.objc; path = MJRefreshHeader.m; sourceTree = "<group>"; };
		0277B0161CF14F520099143B /* MJRefreshAutoGifFooter.h */ = {isa = PBXFileReference; fileEncoding = 4; lastKnownFileType = sourcecode.c.h; path = MJRefreshAutoGifFooter.h; sourceTree = "<group>"; };
		0277B0171CF14F520099143B /* MJRefreshAutoGifFooter.m */ = {isa = PBXFileReference; fileEncoding = 4; lastKnownFileType = sourcecode.c.objc; path = MJRefreshAutoGifFooter.m; sourceTree = "<group>"; };
		0277B0181CF14F520099143B /* MJRefreshAutoNormalFooter.h */ = {isa = PBXFileReference; fileEncoding = 4; lastKnownFileType = sourcecode.c.h; path = MJRefreshAutoNormalFooter.h; sourceTree = "<group>"; };
		0277B0191CF14F520099143B /* MJRefreshAutoNormalFooter.m */ = {isa = PBXFileReference; fileEncoding = 4; lastKnownFileType = sourcecode.c.objc; path = MJRefreshAutoNormalFooter.m; sourceTree = "<group>"; };
		0277B01A1CF14F520099143B /* MJRefreshAutoStateFooter.h */ = {isa = PBXFileReference; fileEncoding = 4; lastKnownFileType = sourcecode.c.h; path = MJRefreshAutoStateFooter.h; sourceTree = "<group>"; };
		0277B01B1CF14F520099143B /* MJRefreshAutoStateFooter.m */ = {isa = PBXFileReference; fileEncoding = 4; lastKnownFileType = sourcecode.c.objc; path = MJRefreshAutoStateFooter.m; sourceTree = "<group>"; };
		0277B01D1CF14F520099143B /* MJRefreshBackGifFooter.h */ = {isa = PBXFileReference; fileEncoding = 4; lastKnownFileType = sourcecode.c.h; path = MJRefreshBackGifFooter.h; sourceTree = "<group>"; };
		0277B01E1CF14F520099143B /* MJRefreshBackGifFooter.m */ = {isa = PBXFileReference; fileEncoding = 4; lastKnownFileType = sourcecode.c.objc; path = MJRefreshBackGifFooter.m; sourceTree = "<group>"; };
		0277B01F1CF14F520099143B /* MJRefreshBackNormalFooter.h */ = {isa = PBXFileReference; fileEncoding = 4; lastKnownFileType = sourcecode.c.h; path = MJRefreshBackNormalFooter.h; sourceTree = "<group>"; };
		0277B0201CF14F520099143B /* MJRefreshBackNormalFooter.m */ = {isa = PBXFileReference; fileEncoding = 4; lastKnownFileType = sourcecode.c.objc; path = MJRefreshBackNormalFooter.m; sourceTree = "<group>"; };
		0277B0211CF14F520099143B /* MJRefreshBackStateFooter.h */ = {isa = PBXFileReference; fileEncoding = 4; lastKnownFileType = sourcecode.c.h; path = MJRefreshBackStateFooter.h; sourceTree = "<group>"; };
		0277B0221CF14F520099143B /* MJRefreshBackStateFooter.m */ = {isa = PBXFileReference; fileEncoding = 4; lastKnownFileType = sourcecode.c.objc; path = MJRefreshBackStateFooter.m; sourceTree = "<group>"; };
		0277B0241CF14F520099143B /* MJRefreshGifHeader.h */ = {isa = PBXFileReference; fileEncoding = 4; lastKnownFileType = sourcecode.c.h; path = MJRefreshGifHeader.h; sourceTree = "<group>"; };
		0277B0251CF14F520099143B /* MJRefreshGifHeader.m */ = {isa = PBXFileReference; fileEncoding = 4; lastKnownFileType = sourcecode.c.objc; path = MJRefreshGifHeader.m; sourceTree = "<group>"; };
		0277B0261CF14F520099143B /* MJRefreshNormalHeader.h */ = {isa = PBXFileReference; fileEncoding = 4; lastKnownFileType = sourcecode.c.h; path = MJRefreshNormalHeader.h; sourceTree = "<group>"; };
		0277B0271CF14F520099143B /* MJRefreshNormalHeader.m */ = {isa = PBXFileReference; fileEncoding = 4; lastKnownFileType = sourcecode.c.objc; path = MJRefreshNormalHeader.m; sourceTree = "<group>"; };
		0277B0281CF14F520099143B /* MJRefreshStateHeader.h */ = {isa = PBXFileReference; fileEncoding = 4; lastKnownFileType = sourcecode.c.h; path = MJRefreshStateHeader.h; sourceTree = "<group>"; };
		0277B0291CF14F520099143B /* MJRefreshStateHeader.m */ = {isa = PBXFileReference; fileEncoding = 4; lastKnownFileType = sourcecode.c.objc; path = MJRefreshStateHeader.m; sourceTree = "<group>"; };
		0277B02A1CF14F520099143B /* MJRefresh.bundle */ = {isa = PBXFileReference; lastKnownFileType = "wrapper.plug-in"; path = MJRefresh.bundle; sourceTree = "<group>"; };
		0277B02B1CF14F520099143B /* MJRefresh.h */ = {isa = PBXFileReference; fileEncoding = 4; lastKnownFileType = sourcecode.c.h; path = MJRefresh.h; sourceTree = "<group>"; };
		0277B02C1CF14F520099143B /* MJRefreshConst.h */ = {isa = PBXFileReference; fileEncoding = 4; lastKnownFileType = sourcecode.c.h; path = MJRefreshConst.h; sourceTree = "<group>"; };
		0277B02D1CF14F520099143B /* MJRefreshConst.m */ = {isa = PBXFileReference; fileEncoding = 4; lastKnownFileType = sourcecode.c.objc; path = MJRefreshConst.m; sourceTree = "<group>"; };
		0277B02E1CF14F520099143B /* UIScrollView+MJExtension.h */ = {isa = PBXFileReference; fileEncoding = 4; lastKnownFileType = sourcecode.c.h; path = "UIScrollView+MJExtension.h"; sourceTree = "<group>"; };
		0277B02F1CF14F520099143B /* UIScrollView+MJExtension.m */ = {isa = PBXFileReference; fileEncoding = 4; lastKnownFileType = sourcecode.c.objc; path = "UIScrollView+MJExtension.m"; sourceTree = "<group>"; };
		0277B0301CF14F520099143B /* UIScrollView+MJRefresh.h */ = {isa = PBXFileReference; fileEncoding = 4; lastKnownFileType = sourcecode.c.h; path = "UIScrollView+MJRefresh.h"; sourceTree = "<group>"; };
		0277B0311CF14F520099143B /* UIScrollView+MJRefresh.m */ = {isa = PBXFileReference; fileEncoding = 4; lastKnownFileType = sourcecode.c.objc; path = "UIScrollView+MJRefresh.m"; sourceTree = "<group>"; };
		0277B0321CF14F520099143B /* UIView+MJExtension.h */ = {isa = PBXFileReference; fileEncoding = 4; lastKnownFileType = sourcecode.c.h; path = "UIView+MJExtension.h"; sourceTree = "<group>"; };
		0277B0331CF14F520099143B /* UIView+MJExtension.m */ = {isa = PBXFileReference; fileEncoding = 4; lastKnownFileType = sourcecode.c.objc; path = "UIView+MJExtension.m"; sourceTree = "<group>"; };
		0277B0471CF1531B0099143B /* Activity.h */ = {isa = PBXFileReference; fileEncoding = 4; lastKnownFileType = sourcecode.c.h; path = Activity.h; sourceTree = "<group>"; };
		0277B0481CF1531B0099143B /* Activity.m */ = {isa = PBXFileReference; fileEncoding = 4; lastKnownFileType = sourcecode.c.objc; path = Activity.m; sourceTree = "<group>"; };
		0277B04A1CF154010099143B /* NSArray+Description.h */ = {isa = PBXFileReference; fileEncoding = 4; lastKnownFileType = sourcecode.c.h; path = "NSArray+Description.h"; sourceTree = "<group>"; };
		0277B04B1CF154010099143B /* NSArray+Description.m */ = {isa = PBXFileReference; fileEncoding = 4; lastKnownFileType = sourcecode.c.objc; path = "NSArray+Description.m"; sourceTree = "<group>"; };
		0277B04C1CF154010099143B /* NSDictionary+Decription.h */ = {isa = PBXFileReference; fileEncoding = 4; lastKnownFileType = sourcecode.c.h; path = "NSDictionary+Decription.h"; sourceTree = "<group>"; };
		0277B04D1CF154010099143B /* NSDictionary+Decription.m */ = {isa = PBXFileReference; fileEncoding = 4; lastKnownFileType = sourcecode.c.objc; path = "NSDictionary+Decription.m"; sourceTree = "<group>"; };
		0277B0561CF15B480099143B /* UIBarButtonItem+CustomItem.h */ = {isa = PBXFileReference; fileEncoding = 4; lastKnownFileType = sourcecode.c.h; path = "UIBarButtonItem+CustomItem.h"; sourceTree = "<group>"; };
		0277B0571CF15B480099143B /* UIBarButtonItem+CustomItem.m */ = {isa = PBXFileReference; fileEncoding = 4; lastKnownFileType = sourcecode.c.objc; path = "UIBarButtonItem+CustomItem.m"; sourceTree = "<group>"; };
		0277B0591CF15B680099143B /* UIImage+Resize.h */ = {isa = PBXFileReference; fileEncoding = 4; lastKnownFileType = sourcecode.c.h; path = "UIImage+Resize.h"; sourceTree = "<group>"; };
		0277B05A1CF15B680099143B /* UIImage+Resize.m */ = {isa = PBXFileReference; fileEncoding = 4; lastKnownFileType = sourcecode.c.objc; path = "UIImage+Resize.m"; sourceTree = "<group>"; };
		0277B05C1CF15B7B0099143B /* QRCodeGenerator.h */ = {isa = PBXFileReference; fileEncoding = 4; lastKnownFileType = sourcecode.c.h; path = QRCodeGenerator.h; sourceTree = "<group>"; };
		0277B05D1CF15B7B0099143B /* QRCodeGenerator.m */ = {isa = PBXFileReference; fileEncoding = 4; lastKnownFileType = sourcecode.c.objc; path = QRCodeGenerator.m; sourceTree = "<group>"; };
		0277B05F1CF15B890099143B /* MacroDefine.h */ = {isa = PBXFileReference; fileEncoding = 4; lastKnownFileType = sourcecode.c.h; path = MacroDefine.h; sourceTree = "<group>"; };
		0277B0611CF15EE10099143B /* AppDelegate.h */ = {isa = PBXFileReference; fileEncoding = 4; lastKnownFileType = sourcecode.c.h; path = AppDelegate.h; sourceTree = "<group>"; };
		0277B0621CF15EE10099143B /* AppDelegate.m */ = {isa = PBXFileReference; fileEncoding = 4; lastKnownFileType = sourcecode.c.objc; path = AppDelegate.m; sourceTree = "<group>"; };
		0277B0661CF160990099143B /* ActivityCell.h */ = {isa = PBXFileReference; fileEncoding = 4; lastKnownFileType = sourcecode.c.h; path = ActivityCell.h; sourceTree = "<group>"; };
		0277B0671CF160990099143B /* ActivityCell.m */ = {isa = PBXFileReference; fileEncoding = 4; lastKnownFileType = sourcecode.c.objc; path = ActivityCell.m; sourceTree = "<group>"; };
		0277B0681CF160990099143B /* ActivityListController.h */ = {isa = PBXFileReference; fileEncoding = 4; lastKnownFileType = sourcecode.c.h; path = ActivityListController.h; sourceTree = "<group>"; };
		0277B0691CF160990099143B /* ActivityListController.m */ = {isa = PBXFileReference; fileEncoding = 4; lastKnownFileType = sourcecode.c.objc; path = ActivityListController.m; sourceTree = "<group>"; };
		0277B06C1CF160C60099143B /* CreateActivityController.h */ = {isa = PBXFileReference; fileEncoding = 4; lastKnownFileType = sourcecode.c.h; path = CreateActivityController.h; sourceTree = "<group>"; };
		0277B06D1CF160C60099143B /* CreateActivityController.m */ = {isa = PBXFileReference; fileEncoding = 4; lastKnownFileType = sourcecode.c.objc; path = CreateActivityController.m; sourceTree = "<group>"; };
		0277B06F1CF161320099143B /* ActivityTitleView.h */ = {isa = PBXFileReference; fileEncoding = 4; lastKnownFileType = sourcecode.c.h; path = ActivityTitleView.h; sourceTree = "<group>"; };
		0277B0701CF161320099143B /* ActivityTitleView.m */ = {isa = PBXFileReference; fileEncoding = 4; lastKnownFileType = sourcecode.c.objc; path = ActivityTitleView.m; sourceTree = "<group>"; };
		0277B0721CF176460099143B /* ActivityDateView.h */ = {isa = PBXFileReference; fileEncoding = 4; lastKnownFileType = sourcecode.c.h; path = ActivityDateView.h; sourceTree = "<group>"; };
		0277B0731CF176460099143B /* ActivityDateView.m */ = {isa = PBXFileReference; fileEncoding = 4; lastKnownFileType = sourcecode.c.objc; path = ActivityDateView.m; sourceTree = "<group>"; };
		0277B0751CF1A5F00099143B /* SelectImageView.h */ = {isa = PBXFileReference; fileEncoding = 4; lastKnownFileType = sourcecode.c.h; path = SelectImageView.h; sourceTree = "<group>"; };
		0277B0761CF1A5F00099143B /* SelectImageView.m */ = {isa = PBXFileReference; fileEncoding = 4; lastKnownFileType = sourcecode.c.objc; path = SelectImageView.m; sourceTree = "<group>"; };
		027E98751CFE7088008495C9 /* ConsumeScoreByUserNameController.h */ = {isa = PBXFileReference; fileEncoding = 4; lastKnownFileType = sourcecode.c.h; path = ConsumeScoreByUserNameController.h; sourceTree = "<group>"; };
		027E98761CFE7088008495C9 /* ConsumeScoreByUserNameController.m */ = {isa = PBXFileReference; fileEncoding = 4; lastKnownFileType = sourcecode.c.objc; path = ConsumeScoreByUserNameController.m; sourceTree = "<group>"; };
		027E98781CFE71B6008495C9 /* ConsumeScoreByQRCodeController.h */ = {isa = PBXFileReference; fileEncoding = 4; lastKnownFileType = sourcecode.c.h; path = ConsumeScoreByQRCodeController.h; sourceTree = "<group>"; };
		027E98791CFE71B6008495C9 /* ConsumeScoreByQRCodeController.m */ = {isa = PBXFileReference; fileEncoding = 4; lastKnownFileType = sourcecode.c.objc; path = ConsumeScoreByQRCodeController.m; sourceTree = "<group>"; };
		029B448E1CF684D9000D40B8 /* GoodsConvertController.h */ = {isa = PBXFileReference; fileEncoding = 4; lastKnownFileType = sourcecode.c.h; path = GoodsConvertController.h; sourceTree = "<group>"; };
		029B448F1CF684D9000D40B8 /* GoodsConvertController.m */ = {isa = PBXFileReference; fileEncoding = 4; lastKnownFileType = sourcecode.c.objc; path = GoodsConvertController.m; sourceTree = "<group>"; };
		029B44931CF685FF000D40B8 /* WMFooldView.h */ = {isa = PBXFileReference; fileEncoding = 4; lastKnownFileType = sourcecode.c.h; path = WMFooldView.h; sourceTree = "<group>"; };
		029B44941CF685FF000D40B8 /* WMFooldView.m */ = {isa = PBXFileReference; fileEncoding = 4; lastKnownFileType = sourcecode.c.objc; path = WMFooldView.m; sourceTree = "<group>"; };
		029B44951CF685FF000D40B8 /* WMMenuItem.h */ = {isa = PBXFileReference; fileEncoding = 4; lastKnownFileType = sourcecode.c.h; path = WMMenuItem.h; sourceTree = "<group>"; };
		029B44961CF685FF000D40B8 /* WMMenuItem.m */ = {isa = PBXFileReference; fileEncoding = 4; lastKnownFileType = sourcecode.c.objc; path = WMMenuItem.m; sourceTree = "<group>"; };
		029B44971CF685FF000D40B8 /* WMMenuView.h */ = {isa = PBXFileReference; fileEncoding = 4; lastKnownFileType = sourcecode.c.h; path = WMMenuView.h; sourceTree = "<group>"; };
		029B44981CF685FF000D40B8 /* WMMenuView.m */ = {isa = PBXFileReference; fileEncoding = 4; lastKnownFileType = sourcecode.c.objc; path = WMMenuView.m; sourceTree = "<group>"; };
		029B44991CF685FF000D40B8 /* WMProgressView.h */ = {isa = PBXFileReference; fileEncoding = 4; lastKnownFileType = sourcecode.c.h; path = WMProgressView.h; sourceTree = "<group>"; };
		029B449A1CF685FF000D40B8 /* WMProgressView.m */ = {isa = PBXFileReference; fileEncoding = 4; lastKnownFileType = sourcecode.c.objc; path = WMProgressView.m; sourceTree = "<group>"; };
		029B449B1CF685FF000D40B8 /* WMScrollView.h */ = {isa = PBXFileReference; fileEncoding = 4; lastKnownFileType = sourcecode.c.h; path = WMScrollView.h; sourceTree = "<group>"; };
		029B449C1CF685FF000D40B8 /* WMScrollView.m */ = {isa = PBXFileReference; fileEncoding = 4; lastKnownFileType = sourcecode.c.objc; path = WMScrollView.m; sourceTree = "<group>"; };
		029B449D1CF685FF000D40B8 /* WMPageConst.h */ = {isa = PBXFileReference; fileEncoding = 4; lastKnownFileType = sourcecode.c.h; path = WMPageConst.h; sourceTree = "<group>"; };
		029B44A01CF685FF000D40B8 /* WMPageController.h */ = {isa = PBXFileReference; fileEncoding = 4; lastKnownFileType = sourcecode.c.h; path = WMPageController.h; sourceTree = "<group>"; };
		029B44A11CF685FF000D40B8 /* WMPageController.m */ = {isa = PBXFileReference; fileEncoding = 4; lastKnownFileType = sourcecode.c.objc; path = WMPageController.m; sourceTree = "<group>"; };
		029B44A81CF6892B000D40B8 /* CheckCodeController.h */ = {isa = PBXFileReference; fileEncoding = 4; lastKnownFileType = sourcecode.c.h; path = CheckCodeController.h; sourceTree = "<group>"; };
		029B44A91CF6892B000D40B8 /* CheckCodeController.m */ = {isa = PBXFileReference; fileEncoding = 4; lastKnownFileType = sourcecode.c.objc; path = CheckCodeController.m; sourceTree = "<group>"; };
		029B44AB1CF68F16000D40B8 /* GoodsListController.h */ = {isa = PBXFileReference; fileEncoding = 4; lastKnownFileType = sourcecode.c.h; path = GoodsListController.h; sourceTree = "<group>"; };
		029B44AC1CF68F16000D40B8 /* GoodsListController.m */ = {isa = PBXFileReference; fileEncoding = 4; lastKnownFileType = sourcecode.c.objc; path = GoodsListController.m; sourceTree = "<group>"; };
		029B44D51CF6D63B000D40B8 /* GoodsInfoController.h */ = {isa = PBXFileReference; fileEncoding = 4; lastKnownFileType = sourcecode.c.h; path = GoodsInfoController.h; sourceTree = "<group>"; };
		029B44D61CF6D63B000D40B8 /* GoodsInfoController.m */ = {isa = PBXFileReference; fileEncoding = 4; lastKnownFileType = sourcecode.c.objc; path = GoodsInfoController.m; sourceTree = "<group>"; };
		029B44D81CF6ED7C000D40B8 /* GoodsInfoView.h */ = {isa = PBXFileReference; fileEncoding = 4; lastKnownFileType = sourcecode.c.h; path = GoodsInfoView.h; sourceTree = "<group>"; };
		029B44D91CF6ED7C000D40B8 /* GoodsInfoView.m */ = {isa = PBXFileReference; fileEncoding = 4; lastKnownFileType = sourcecode.c.objc; path = GoodsInfoView.m; sourceTree = "<group>"; };
		029D3CC01D0537DC00C6C1CA /* NSData+ImageContentType.h */ = {isa = PBXFileReference; fileEncoding = 4; lastKnownFileType = sourcecode.c.h; path = "NSData+ImageContentType.h"; sourceTree = "<group>"; };
		029D3CC11D0537DC00C6C1CA /* NSData+ImageContentType.m */ = {isa = PBXFileReference; fileEncoding = 4; lastKnownFileType = sourcecode.c.objc; path = "NSData+ImageContentType.m"; sourceTree = "<group>"; };
		029D3CC21D0537DC00C6C1CA /* SDImageCache.h */ = {isa = PBXFileReference; fileEncoding = 4; lastKnownFileType = sourcecode.c.h; path = SDImageCache.h; sourceTree = "<group>"; };
		029D3CC31D0537DC00C6C1CA /* SDImageCache.m */ = {isa = PBXFileReference; fileEncoding = 4; lastKnownFileType = sourcecode.c.objc; path = SDImageCache.m; sourceTree = "<group>"; };
		029D3CC41D0537DC00C6C1CA /* SDWebImageCompat.h */ = {isa = PBXFileReference; fileEncoding = 4; lastKnownFileType = sourcecode.c.h; path = SDWebImageCompat.h; sourceTree = "<group>"; };
		029D3CC51D0537DC00C6C1CA /* SDWebImageCompat.m */ = {isa = PBXFileReference; fileEncoding = 4; lastKnownFileType = sourcecode.c.objc; path = SDWebImageCompat.m; sourceTree = "<group>"; };
		029D3CC61D0537DC00C6C1CA /* SDWebImageDecoder.h */ = {isa = PBXFileReference; fileEncoding = 4; lastKnownFileType = sourcecode.c.h; path = SDWebImageDecoder.h; sourceTree = "<group>"; };
		029D3CC71D0537DC00C6C1CA /* SDWebImageDecoder.m */ = {isa = PBXFileReference; fileEncoding = 4; lastKnownFileType = sourcecode.c.objc; path = SDWebImageDecoder.m; sourceTree = "<group>"; };
		029D3CC81D0537DC00C6C1CA /* SDWebImageDownloader.h */ = {isa = PBXFileReference; fileEncoding = 4; lastKnownFileType = sourcecode.c.h; path = SDWebImageDownloader.h; sourceTree = "<group>"; };
		029D3CC91D0537DC00C6C1CA /* SDWebImageDownloader.m */ = {isa = PBXFileReference; fileEncoding = 4; lastKnownFileType = sourcecode.c.objc; path = SDWebImageDownloader.m; sourceTree = "<group>"; };
		029D3CCA1D0537DC00C6C1CA /* SDWebImageDownloaderOperation.h */ = {isa = PBXFileReference; fileEncoding = 4; lastKnownFileType = sourcecode.c.h; path = SDWebImageDownloaderOperation.h; sourceTree = "<group>"; };
		029D3CCB1D0537DC00C6C1CA /* SDWebImageDownloaderOperation.m */ = {isa = PBXFileReference; fileEncoding = 4; lastKnownFileType = sourcecode.c.objc; path = SDWebImageDownloaderOperation.m; sourceTree = "<group>"; };
		029D3CCC1D0537DC00C6C1CA /* SDWebImageManager.h */ = {isa = PBXFileReference; fileEncoding = 4; lastKnownFileType = sourcecode.c.h; path = SDWebImageManager.h; sourceTree = "<group>"; };
		029D3CCD1D0537DC00C6C1CA /* SDWebImageManager.m */ = {isa = PBXFileReference; fileEncoding = 4; lastKnownFileType = sourcecode.c.objc; path = SDWebImageManager.m; sourceTree = "<group>"; };
		029D3CCE1D0537DC00C6C1CA /* SDWebImageOperation.h */ = {isa = PBXFileReference; fileEncoding = 4; lastKnownFileType = sourcecode.c.h; path = SDWebImageOperation.h; sourceTree = "<group>"; };
		029D3CCF1D0537DC00C6C1CA /* SDWebImagePrefetcher.h */ = {isa = PBXFileReference; fileEncoding = 4; lastKnownFileType = sourcecode.c.h; path = SDWebImagePrefetcher.h; sourceTree = "<group>"; };
		029D3CD01D0537DC00C6C1CA /* SDWebImagePrefetcher.m */ = {isa = PBXFileReference; fileEncoding = 4; lastKnownFileType = sourcecode.c.objc; path = SDWebImagePrefetcher.m; sourceTree = "<group>"; };
		029D3CD11D0537DC00C6C1CA /* UIButton+WebCache.h */ = {isa = PBXFileReference; fileEncoding = 4; lastKnownFileType = sourcecode.c.h; path = "UIButton+WebCache.h"; sourceTree = "<group>"; };
		029D3CD21D0537DC00C6C1CA /* UIButton+WebCache.m */ = {isa = PBXFileReference; fileEncoding = 4; lastKnownFileType = sourcecode.c.objc; path = "UIButton+WebCache.m"; sourceTree = "<group>"; };
		029D3CD31D0537DC00C6C1CA /* UIImage+GIF.h */ = {isa = PBXFileReference; fileEncoding = 4; lastKnownFileType = sourcecode.c.h; path = "UIImage+GIF.h"; sourceTree = "<group>"; };
		029D3CD41D0537DC00C6C1CA /* UIImage+GIF.m */ = {isa = PBXFileReference; fileEncoding = 4; lastKnownFileType = sourcecode.c.objc; path = "UIImage+GIF.m"; sourceTree = "<group>"; };
		029D3CD51D0537DC00C6C1CA /* UIImage+MultiFormat.h */ = {isa = PBXFileReference; fileEncoding = 4; lastKnownFileType = sourcecode.c.h; path = "UIImage+MultiFormat.h"; sourceTree = "<group>"; };
		029D3CD61D0537DC00C6C1CA /* UIImage+MultiFormat.m */ = {isa = PBXFileReference; fileEncoding = 4; lastKnownFileType = sourcecode.c.objc; path = "UIImage+MultiFormat.m"; sourceTree = "<group>"; };
		029D3CD71D0537DC00C6C1CA /* UIImageView+HighlightedWebCache.h */ = {isa = PBXFileReference; fileEncoding = 4; lastKnownFileType = sourcecode.c.h; path = "UIImageView+HighlightedWebCache.h"; sourceTree = "<group>"; };
		029D3CD81D0537DC00C6C1CA /* UIImageView+HighlightedWebCache.m */ = {isa = PBXFileReference; fileEncoding = 4; lastKnownFileType = sourcecode.c.objc; path = "UIImageView+HighlightedWebCache.m"; sourceTree = "<group>"; };
		029D3CD91D0537DC00C6C1CA /* UIImageView+WebCache.h */ = {isa = PBXFileReference; fileEncoding = 4; lastKnownFileType = sourcecode.c.h; path = "UIImageView+WebCache.h"; sourceTree = "<group>"; };
		029D3CDA1D0537DC00C6C1CA /* UIImageView+WebCache.m */ = {isa = PBXFileReference; fileEncoding = 4; lastKnownFileType = sourcecode.c.objc; path = "UIImageView+WebCache.m"; sourceTree = "<group>"; };
		029D3CDB1D0537DC00C6C1CA /* UIView+WebCacheOperation.h */ = {isa = PBXFileReference; fileEncoding = 4; lastKnownFileType = sourcecode.c.h; path = "UIView+WebCacheOperation.h"; sourceTree = "<group>"; };
		029D3CDC1D0537DC00C6C1CA /* UIView+WebCacheOperation.m */ = {isa = PBXFileReference; fileEncoding = 4; lastKnownFileType = sourcecode.c.objc; path = "UIView+WebCacheOperation.m"; sourceTree = "<group>"; };
		029D44631CF33EFB00EB18A1 /* ViewUtil.h */ = {isa = PBXFileReference; fileEncoding = 4; lastKnownFileType = sourcecode.c.h; path = ViewUtil.h; sourceTree = "<group>"; };
		029D44641CF33EFB00EB18A1 /* ViewUtil.m */ = {isa = PBXFileReference; fileEncoding = 4; lastKnownFileType = sourcecode.c.objc; path = ViewUtil.m; sourceTree = "<group>"; };
		029D44661CF340B900EB18A1 /* SizeDefine.h */ = {isa = PBXFileReference; fileEncoding = 4; lastKnownFileType = sourcecode.c.h; path = SizeDefine.h; sourceTree = "<group>"; };
		029D44671CF3420B00EB18A1 /* PopView.h */ = {isa = PBXFileReference; fileEncoding = 4; lastKnownFileType = sourcecode.c.h; path = PopView.h; sourceTree = "<group>"; };
		029D44681CF3420B00EB18A1 /* PopView.m */ = {isa = PBXFileReference; fileEncoding = 4; lastKnownFileType = sourcecode.c.objc; path = PopView.m; sourceTree = "<group>"; };
		02B1EC281CF83D8900D4C8C3 /* AddScorePopView.h */ = {isa = PBXFileReference; fileEncoding = 4; lastKnownFileType = sourcecode.c.h; path = AddScorePopView.h; sourceTree = "<group>"; };
		02B1EC291CF83D8900D4C8C3 /* AddScorePopView.m */ = {isa = PBXFileReference; fileEncoding = 4; lastKnownFileType = sourcecode.c.objc; path = AddScorePopView.m; sourceTree = "<group>"; };
		02B1EC2A1CF83D8900D4C8C3 /* AddScoreView.h */ = {isa = PBXFileReference; fileEncoding = 4; lastKnownFileType = sourcecode.c.h; path = AddScoreView.h; sourceTree = "<group>"; };
		02B1EC2B1CF83D8900D4C8C3 /* AddScoreView.m */ = {isa = PBXFileReference; fileEncoding = 4; lastKnownFileType = sourcecode.c.objc; path = AddScoreView.m; sourceTree = "<group>"; };
		02B1EC2C1CF83D8900D4C8C3 /* InputDateView.h */ = {isa = PBXFileReference; fileEncoding = 4; lastKnownFileType = sourcecode.c.h; path = InputDateView.h; sourceTree = "<group>"; };
		02B1EC2D1CF83D8900D4C8C3 /* InputDateView.m */ = {isa = PBXFileReference; fileEncoding = 4; lastKnownFileType = sourcecode.c.objc; path = InputDateView.m; sourceTree = "<group>"; };
		02B1EC2E1CF83D8900D4C8C3 /* QueryScoreChangeView.h */ = {isa = PBXFileReference; fileEncoding = 4; lastKnownFileType = sourcecode.c.h; path = QueryScoreChangeView.h; sourceTree = "<group>"; };
		02B1EC2F1CF83D8900D4C8C3 /* QueryScoreChangeView.m */ = {isa = PBXFileReference; fileEncoding = 4; lastKnownFileType = sourcecode.c.objc; path = QueryScoreChangeView.m; sourceTree = "<group>"; };
		02B1EC301CF83D8900D4C8C3 /* UsableScoreController.h */ = {isa = PBXFileReference; fileEncoding = 4; lastKnownFileType = sourcecode.c.h; path = UsableScoreController.h; sourceTree = "<group>"; };
		02B1EC311CF83D8900D4C8C3 /* UsableScoreController.m */ = {isa = PBXFileReference; fileEncoding = 4; lastKnownFileType = sourcecode.c.objc; path = UsableScoreController.m; sourceTree = "<group>"; };
		02B1EC371CF83E5800D4C8C3 /* ModifyScoreController.h */ = {isa = PBXFileReference; fileEncoding = 4; lastKnownFileType = sourcecode.c.h; path = ModifyScoreController.h; sourceTree = "<group>"; };
		02B1EC381CF83E5800D4C8C3 /* ModifyScoreController.m */ = {isa = PBXFileReference; fileEncoding = 4; lastKnownFileType = sourcecode.c.objc; path = ModifyScoreController.m; sourceTree = "<group>"; };
		02B8FE7A1CE80E24002BF43D /* RegisterController.h */ = {isa = PBXFileReference; fileEncoding = 4; lastKnownFileType = sourcecode.c.h; path = RegisterController.h; sourceTree = "<group>"; };
		02B8FE7B1CE80E24002BF43D /* RegisterController.m */ = {isa = PBXFileReference; fileEncoding = 4; lastKnownFileType = sourcecode.c.objc; path = RegisterController.m; sourceTree = "<group>"; };
		02B8FE811CE81363002BF43D /* HomeController.h */ = {isa = PBXFileReference; fileEncoding = 4; lastKnownFileType = sourcecode.c.h; path = HomeController.h; sourceTree = "<group>"; };
		02B8FE821CE81363002BF43D /* HomeController.m */ = {isa = PBXFileReference; fileEncoding = 4; lastKnownFileType = sourcecode.c.objc; path = HomeController.m; sourceTree = "<group>"; };
		02B8FE841CE8195B002BF43D /* HomeTopView.h */ = {isa = PBXFileReference; fileEncoding = 4; lastKnownFileType = sourcecode.c.h; path = HomeTopView.h; sourceTree = "<group>"; };
		02B8FE851CE8195B002BF43D /* HomeTopView.m */ = {isa = PBXFileReference; fileEncoding = 4; lastKnownFileType = sourcecode.c.objc; path = HomeTopView.m; sourceTree = "<group>"; };
		02BB6F291CFFC95C00ACF3E3 /* GoodsInfoCell.h */ = {isa = PBXFileReference; fileEncoding = 4; lastKnownFileType = sourcecode.c.h; path = GoodsInfoCell.h; sourceTree = "<group>"; };
		02BB6F2A1CFFC95C00ACF3E3 /* GoodsInfoCell.m */ = {isa = PBXFileReference; fileEncoding = 4; lastKnownFileType = sourcecode.c.objc; path = GoodsInfoCell.m; sourceTree = "<group>"; };
		02BB6F2C1CFFC96900ACF3E3 /* ConvertInfoCell.h */ = {isa = PBXFileReference; fileEncoding = 4; lastKnownFileType = sourcecode.c.h; path = ConvertInfoCell.h; sourceTree = "<group>"; };
		02BB6F2D1CFFC96900ACF3E3 /* ConvertInfoCell.m */ = {isa = PBXFileReference; fileEncoding = 4; lastKnownFileType = sourcecode.c.objc; path = ConvertInfoCell.m; sourceTree = "<group>"; };
		02BB6F2F1CFFDBDF00ACF3E3 /* ScanQRCodeController.h */ = {isa = PBXFileReference; fileEncoding = 4; lastKnownFileType = sourcecode.c.h; path = ScanQRCodeController.h; sourceTree = "<group>"; };
		02BB6F301CFFDBDF00ACF3E3 /* ScanQRCodeController.m */ = {isa = PBXFileReference; fileEncoding = 4; lastKnownFileType = sourcecode.c.objc; path = ScanQRCodeController.m; sourceTree = "<group>"; };
		02BB6F321D00163300ACF3E3 /* ConsumeScoreSuccessController.h */ = {isa = PBXFileReference; fileEncoding = 4; lastKnownFileType = sourcecode.c.h; path = ConsumeScoreSuccessController.h; sourceTree = "<group>"; };
		02BB6F331D00163300ACF3E3 /* ConsumeScoreSuccessController.m */ = {isa = PBXFileReference; fileEncoding = 4; lastKnownFileType = sourcecode.c.objc; path = ConsumeScoreSuccessController.m; sourceTree = "<group>"; };
		02D642E31CF1EEC400F62F5E /* ActivityContentView.h */ = {isa = PBXFileReference; fileEncoding = 4; lastKnownFileType = sourcecode.c.h; path = ActivityContentView.h; sourceTree = "<group>"; };
		02D642E41CF1EEC400F62F5E /* ActivityContentView.m */ = {isa = PBXFileReference; fileEncoding = 4; lastKnownFileType = sourcecode.c.objc; path = ActivityContentView.m; sourceTree = "<group>"; };
		02D642E71CF205D600F62F5E /* ActivityPopView.h */ = {isa = PBXFileReference; fileEncoding = 4; lastKnownFileType = sourcecode.c.h; path = ActivityPopView.h; sourceTree = "<group>"; };
		02D642E81CF205D600F62F5E /* ActivityPopView.m */ = {isa = PBXFileReference; fileEncoding = 4; lastKnownFileType = sourcecode.c.objc; path = ActivityPopView.m; sourceTree = "<group>"; };
		02DD6CD51C796B6C00F215B3 /* JiLeFenForBusiness.app */ = {isa = PBXFileReference; explicitFileType = wrapper.application; includeInIndex = 0; path = JiLeFenForBusiness.app; sourceTree = BUILT_PRODUCTS_DIR; };
		02DD6CD91C796B6C00F215B3 /* main.m */ = {isa = PBXFileReference; lastKnownFileType = sourcecode.c.objc; path = main.m; sourceTree = "<group>"; };
		02DD6CE71C796B6D00F215B3 /* Base */ = {isa = PBXFileReference; lastKnownFileType = file.storyboard; name = Base; path = Base.lproj/LaunchScreen.storyboard; sourceTree = "<group>"; };
		02DD6CE91C796B6D00F215B3 /* Info.plist */ = {isa = PBXFileReference; lastKnownFileType = text.plist.xml; path = Info.plist; sourceTree = "<group>"; };
		02DD6CFD1C796E2700F215B3 /* PrefixHeader.pch */ = {isa = PBXFileReference; fileEncoding = 4; lastKnownFileType = sourcecode.c.h; path = PrefixHeader.pch; sourceTree = "<group>"; };
		02DD6CFE1C796E8600F215B3 /* Assets.xcassets */ = {isa = PBXFileReference; lastKnownFileType = folder.assetcatalog; path = Assets.xcassets; sourceTree = "<group>"; };
		02F828BB1CFD52540010D22D /* ConsumeScoreController.h */ = {isa = PBXFileReference; fileEncoding = 4; lastKnownFileType = sourcecode.c.h; path = ConsumeScoreController.h; sourceTree = "<group>"; };
		02F828BC1CFD52540010D22D /* ConsumeScoreController.m */ = {isa = PBXFileReference; fileEncoding = 4; lastKnownFileType = sourcecode.c.objc; path = ConsumeScoreController.m; sourceTree = "<group>"; };
		02FFD0381CDEE6F000EEA0D1 /* LoginController.h */ = {isa = PBXFileReference; fileEncoding = 4; lastKnownFileType = sourcecode.c.h; path = LoginController.h; sourceTree = "<group>"; };
		02FFD0391CDEE6F000EEA0D1 /* LoginController.m */ = {isa = PBXFileReference; fileEncoding = 4; lastKnownFileType = sourcecode.c.objc; path = LoginController.m; sourceTree = "<group>"; };
		02FFD03B1CDEE70D00EEA0D1 /* LoginView.h */ = {isa = PBXFileReference; fileEncoding = 4; lastKnownFileType = sourcecode.c.h; path = LoginView.h; sourceTree = "<group>"; };
		02FFD03C1CDEE70D00EEA0D1 /* LoginView.m */ = {isa = PBXFileReference; fileEncoding = 4; lastKnownFileType = sourcecode.c.objc; path = LoginView.m; sourceTree = "<group>"; };
		02FFD03F1CDEE80700EEA0D1 /* ColorDefine.h */ = {isa = PBXFileReference; fileEncoding = 4; lastKnownFileType = sourcecode.c.h; path = ColorDefine.h; sourceTree = "<group>"; };
		02FFD0411CDEE89C00EEA0D1 /* UIColor+Additional.h */ = {isa = PBXFileReference; fileEncoding = 4; lastKnownFileType = sourcecode.c.h; path = "UIColor+Additional.h"; sourceTree = "<group>"; };
		02FFD0421CDEE89C00EEA0D1 /* UIColor+Additional.m */ = {isa = PBXFileReference; fileEncoding = 4; lastKnownFileType = sourcecode.c.objc; path = "UIColor+Additional.m"; sourceTree = "<group>"; };
		02FFD04B1CDEF08A00EEA0D1 /* UIView+HYGeometry.h */ = {isa = PBXFileReference; fileEncoding = 4; lastKnownFileType = sourcecode.c.h; path = "UIView+HYGeometry.h"; sourceTree = "<group>"; };
		02FFD04C1CDEF08A00EEA0D1 /* UIView+HYGeometry.m */ = {isa = PBXFileReference; fileEncoding = 4; lastKnownFileType = sourcecode.c.objc; path = "UIView+HYGeometry.m"; sourceTree = "<group>"; };
/* End PBXFileReference section */

/* Begin PBXFrameworksBuildPhase section */
		02DD6CD21C796B6C00F215B3 /* Frameworks */ = {
			isa = PBXFrameworksBuildPhase;
			buildActionMask = 2147483647;
			files = (
			);
			runOnlyForDeploymentPostprocessing = 0;
		};
/* End PBXFrameworksBuildPhase section */

/* Begin PBXGroup section */
		02092DEA1CE3804D006FEB21 /* ThirdLibrary */ = {
			isa = PBXGroup;
			children = (
				029D3CBF1D0537DC00C6C1CA /* SDWebImage */,
				029B44911CF685FF000D40B8 /* WMPageController */,
				0277B0071CF14F520099143B /* MJRefresh */,
				02092E071CE38F51006FEB21 /* UIKit+AFNetworking */,
				02092DF31CE38F4B006FEB21 /* AFNetworking */,
				02092DEF1CE380A6006FEB21 /* MenuScrollView */,
				02092DEB1CE38058006FEB21 /* MBProgressHUD */,
			);
			path = ThirdLibrary;
			sourceTree = "<group>";
		};
		02092DEB1CE38058006FEB21 /* MBProgressHUD */ = {
			isa = PBXGroup;
			children = (
				02092DEC1CE38058006FEB21 /* MBProgressHUD.h */,
				02092DED1CE38058006FEB21 /* MBProgressHUD.m */,
			);
			path = MBProgressHUD;
			sourceTree = "<group>";
		};
		02092DEF1CE380A6006FEB21 /* MenuScrollView */ = {
			isa = PBXGroup;
			children = (
				02092DF01CE380A6006FEB21 /* MenuScrollView.h */,
				02092DF11CE380A6006FEB21 /* MenuScrollView.m */,
			);
			path = MenuScrollView;
			sourceTree = "<group>";
		};
		02092DF31CE38F4B006FEB21 /* AFNetworking */ = {
			isa = PBXGroup;
			children = (
				02092DF41CE38F4B006FEB21 /* AFHTTPSessionManager.h */,
				02092DF51CE38F4B006FEB21 /* AFHTTPSessionManager.m */,
				02092DF61CE38F4B006FEB21 /* AFNetworking.h */,
				02092DF71CE38F4B006FEB21 /* AFNetworkReachabilityManager.h */,
				02092DF81CE38F4B006FEB21 /* AFNetworkReachabilityManager.m */,
				02092DF91CE38F4B006FEB21 /* AFSecurityPolicy.h */,
				02092DFA1CE38F4B006FEB21 /* AFSecurityPolicy.m */,
				02092DFB1CE38F4B006FEB21 /* AFURLRequestSerialization.h */,
				02092DFC1CE38F4B006FEB21 /* AFURLRequestSerialization.m */,
				02092DFD1CE38F4B006FEB21 /* AFURLResponseSerialization.h */,
				02092DFE1CE38F4B006FEB21 /* AFURLResponseSerialization.m */,
				02092DFF1CE38F4B006FEB21 /* AFURLSessionManager.h */,
				02092E001CE38F4B006FEB21 /* AFURLSessionManager.m */,
			);
			path = AFNetworking;
			sourceTree = "<group>";
		};
		02092E071CE38F51006FEB21 /* UIKit+AFNetworking */ = {
			isa = PBXGroup;
			children = (
				02092E081CE38F51006FEB21 /* AFAutoPurgingImageCache.h */,
				02092E091CE38F51006FEB21 /* AFAutoPurgingImageCache.m */,
				02092E0A1CE38F51006FEB21 /* AFImageDownloader.h */,
				02092E0B1CE38F51006FEB21 /* AFImageDownloader.m */,
				02092E0C1CE38F51006FEB21 /* AFNetworkActivityIndicatorManager.h */,
				02092E0D1CE38F51006FEB21 /* AFNetworkActivityIndicatorManager.m */,
				02092E0E1CE38F51006FEB21 /* UIActivityIndicatorView+AFNetworking.h */,
				02092E0F1CE38F51006FEB21 /* UIActivityIndicatorView+AFNetworking.m */,
				02092E101CE38F51006FEB21 /* UIButton+AFNetworking.h */,
				02092E111CE38F51006FEB21 /* UIButton+AFNetworking.m */,
				02092E121CE38F51006FEB21 /* UIImage+AFNetworking.h */,
				02092E131CE38F51006FEB21 /* UIImageView+AFNetworking.h */,
				02092E141CE38F51006FEB21 /* UIImageView+AFNetworking.m */,
				02092E151CE38F51006FEB21 /* UIKit+AFNetworking.h */,
				02092E161CE38F51006FEB21 /* UIProgressView+AFNetworking.h */,
				02092E171CE38F51006FEB21 /* UIProgressView+AFNetworking.m */,
				02092E181CE38F51006FEB21 /* UIRefreshControl+AFNetworking.h */,
				02092E191CE38F51006FEB21 /* UIRefreshControl+AFNetworking.m */,
				02092E1A1CE38F51006FEB21 /* UIWebView+AFNetworking.h */,
				02092E1B1CE38F51006FEB21 /* UIWebView+AFNetworking.m */,
			);
			path = "UIKit+AFNetworking";
			sourceTree = "<group>";
		};
		024816B71CEB1027003C8CEC /* Model */ = {
			isa = PBXGroup;
			children = (
				024816B81CEB1035003C8CEC /* User.h */,
				024816B91CEB1035003C8CEC /* User.m */,
				0277B0471CF1531B0099143B /* Activity.h */,
				0277B0481CF1531B0099143B /* Activity.m */,
			);
			path = Model;
			sourceTree = "<group>";
		};
		026E8E1C1CE84B1B00A8051C /* Account */ = {
			isa = PBXGroup;
			children = (
				026E8E1D1CE84D4800A8051C /* AccountController.h */,
				026E8E1E1CE84D4800A8051C /* AccountController.m */,
				026E8E201CE84D9400A8051C /* AccountInfoView.h */,
				026E8E211CE84D9400A8051C /* AccountInfoView.m */,
				024816B11CEB0465003C8CEC /* ModifyPasswordController.h */,
				024816B21CEB0465003C8CEC /* ModifyPasswordController.m */,
				024816B41CEB0585003C8CEC /* ModifyPasswordCell.h */,
				024816B51CEB0585003C8CEC /* ModifyPasswordCell.m */,
			);
			path = Account;
			sourceTree = "<group>";
		};
		0277B0031CF14CA50099143B /* Activity */ = {
			isa = PBXGroup;
			children = (
				0277B0641CF160790099143B /* ActivityList */,
				0277B0651CF160790099143B /* CreateActivity */,
			);
			path = Activity;
			sourceTree = "<group>";
		};
		0277B0071CF14F520099143B /* MJRefresh */ = {
			isa = PBXGroup;
			children = (
				0277B0081CF14F520099143B /* Base */,
				0277B0131CF14F520099143B /* Custom */,
				0277B02A1CF14F520099143B /* MJRefresh.bundle */,
				0277B02B1CF14F520099143B /* MJRefresh.h */,
				0277B02C1CF14F520099143B /* MJRefreshConst.h */,
				0277B02D1CF14F520099143B /* MJRefreshConst.m */,
				0277B02E1CF14F520099143B /* UIScrollView+MJExtension.h */,
				0277B02F1CF14F520099143B /* UIScrollView+MJExtension.m */,
				0277B0301CF14F520099143B /* UIScrollView+MJRefresh.h */,
				0277B0311CF14F520099143B /* UIScrollView+MJRefresh.m */,
				0277B0321CF14F520099143B /* UIView+MJExtension.h */,
				0277B0331CF14F520099143B /* UIView+MJExtension.m */,
			);
			path = MJRefresh;
			sourceTree = "<group>";
		};
		0277B0081CF14F520099143B /* Base */ = {
			isa = PBXGroup;
			children = (
				0277B0091CF14F520099143B /* MJRefreshAutoFooter.h */,
				0277B00A1CF14F520099143B /* MJRefreshAutoFooter.m */,
				0277B00B1CF14F520099143B /* MJRefreshBackFooter.h */,
				0277B00C1CF14F520099143B /* MJRefreshBackFooter.m */,
				0277B00D1CF14F520099143B /* MJRefreshComponent.h */,
				0277B00E1CF14F520099143B /* MJRefreshComponent.m */,
				0277B00F1CF14F520099143B /* MJRefreshFooter.h */,
				0277B0101CF14F520099143B /* MJRefreshFooter.m */,
				0277B0111CF14F520099143B /* MJRefreshHeader.h */,
				0277B0121CF14F520099143B /* MJRefreshHeader.m */,
			);
			path = Base;
			sourceTree = "<group>";
		};
		0277B0131CF14F520099143B /* Custom */ = {
			isa = PBXGroup;
			children = (
				0277B0141CF14F520099143B /* Footer */,
				0277B0231CF14F520099143B /* Header */,
			);
			path = Custom;
			sourceTree = "<group>";
		};
		0277B0141CF14F520099143B /* Footer */ = {
			isa = PBXGroup;
			children = (
				0277B0151CF14F520099143B /* Auto */,
				0277B01C1CF14F520099143B /* Back */,
			);
			path = Footer;
			sourceTree = "<group>";
		};
		0277B0151CF14F520099143B /* Auto */ = {
			isa = PBXGroup;
			children = (
				0277B0161CF14F520099143B /* MJRefreshAutoGifFooter.h */,
				0277B0171CF14F520099143B /* MJRefreshAutoGifFooter.m */,
				0277B0181CF14F520099143B /* MJRefreshAutoNormalFooter.h */,
				0277B0191CF14F520099143B /* MJRefreshAutoNormalFooter.m */,
				0277B01A1CF14F520099143B /* MJRefreshAutoStateFooter.h */,
				0277B01B1CF14F520099143B /* MJRefreshAutoStateFooter.m */,
			);
			path = Auto;
			sourceTree = "<group>";
		};
		0277B01C1CF14F520099143B /* Back */ = {
			isa = PBXGroup;
			children = (
				0277B01D1CF14F520099143B /* MJRefreshBackGifFooter.h */,
				0277B01E1CF14F520099143B /* MJRefreshBackGifFooter.m */,
				0277B01F1CF14F520099143B /* MJRefreshBackNormalFooter.h */,
				0277B0201CF14F520099143B /* MJRefreshBackNormalFooter.m */,
				0277B0211CF14F520099143B /* MJRefreshBackStateFooter.h */,
				0277B0221CF14F520099143B /* MJRefreshBackStateFooter.m */,
			);
			path = Back;
			sourceTree = "<group>";
		};
		0277B0231CF14F520099143B /* Header */ = {
			isa = PBXGroup;
			children = (
				0277B0241CF14F520099143B /* MJRefreshGifHeader.h */,
				0277B0251CF14F520099143B /* MJRefreshGifHeader.m */,
				0277B0261CF14F520099143B /* MJRefreshNormalHeader.h */,
				0277B0271CF14F520099143B /* MJRefreshNormalHeader.m */,
				0277B0281CF14F520099143B /* MJRefreshStateHeader.h */,
				0277B0291CF14F520099143B /* MJRefreshStateHeader.m */,
			);
			path = Header;
			sourceTree = "<group>";
		};
		0277B0601CF15ECE0099143B /* AppDelegate */ = {
			isa = PBXGroup;
			children = (
				0277B0611CF15EE10099143B /* AppDelegate.h */,
				0277B0621CF15EE10099143B /* AppDelegate.m */,
			);
			path = AppDelegate;
			sourceTree = "<group>";
		};
		0277B0641CF160790099143B /* ActivityList */ = {
			isa = PBXGroup;
			children = (
				0277B0661CF160990099143B /* ActivityCell.h */,
				0277B0671CF160990099143B /* ActivityCell.m */,
				0277B0681CF160990099143B /* ActivityListController.h */,
				0277B0691CF160990099143B /* ActivityListController.m */,
			);
			path = ActivityList;
			sourceTree = "<group>";
		};
		0277B0651CF160790099143B /* CreateActivity */ = {
			isa = PBXGroup;
			children = (
				0277B06C1CF160C60099143B /* CreateActivityController.h */,
				0277B06D1CF160C60099143B /* CreateActivityController.m */,
				0277B06F1CF161320099143B /* ActivityTitleView.h */,
				0277B0701CF161320099143B /* ActivityTitleView.m */,
				0277B0721CF176460099143B /* ActivityDateView.h */,
				0277B0731CF176460099143B /* ActivityDateView.m */,
				0277B0751CF1A5F00099143B /* SelectImageView.h */,
				0277B0761CF1A5F00099143B /* SelectImageView.m */,
				02D642E31CF1EEC400F62F5E /* ActivityContentView.h */,
				02D642E41CF1EEC400F62F5E /* ActivityContentView.m */,
				02D642E71CF205D600F62F5E /* ActivityPopView.h */,
				02D642E81CF205D600F62F5E /* ActivityPopView.m */,
				029D44631CF33EFB00EB18A1 /* ViewUtil.h */,
				029D44641CF33EFB00EB18A1 /* ViewUtil.m */,
				029D44671CF3420B00EB18A1 /* PopView.h */,
				029D44681CF3420B00EB18A1 /* PopView.m */,
			);
			path = CreateActivity;
			sourceTree = "<group>";
		};
		029B448D1CF684BB000D40B8 /* GoodsConvert */ = {
			isa = PBXGroup;
			children = (
				029B448E1CF684D9000D40B8 /* GoodsConvertController.h */,
				029B448F1CF684D9000D40B8 /* GoodsConvertController.m */,
				029B44A81CF6892B000D40B8 /* CheckCodeController.h */,
				029B44A91CF6892B000D40B8 /* CheckCodeController.m */,
				029B44AB1CF68F16000D40B8 /* GoodsListController.h */,
				029B44AC1CF68F16000D40B8 /* GoodsListController.m */,
				029B44D51CF6D63B000D40B8 /* GoodsInfoController.h */,
				029B44D61CF6D63B000D40B8 /* GoodsInfoController.m */,
				029B44D81CF6ED7C000D40B8 /* GoodsInfoView.h */,
				029B44D91CF6ED7C000D40B8 /* GoodsInfoView.m */,
				02BB6F291CFFC95C00ACF3E3 /* GoodsInfoCell.h */,
				02BB6F2A1CFFC95C00ACF3E3 /* GoodsInfoCell.m */,
				02BB6F2C1CFFC96900ACF3E3 /* ConvertInfoCell.h */,
				02BB6F2D1CFFC96900ACF3E3 /* ConvertInfoCell.m */,
				021A10831D02711300FCA253 /* VerifySuccessController.h */,
				021A10841D02711300FCA253 /* VerifySuccessController.m */,
			);
			path = GoodsConvert;
			sourceTree = "<group>";
		};
		029B44911CF685FF000D40B8 /* WMPageController */ = {
			isa = PBXGroup;
			children = (
				029B44921CF685FF000D40B8 /* WMMenuView */,
				029B449D1CF685FF000D40B8 /* WMPageConst.h */,
				029B449E1CF685FF000D40B8 /* WMPageController */,
				029B44A01CF685FF000D40B8 /* WMPageController.h */,
				029B44A11CF685FF000D40B8 /* WMPageController.m */,
			);
			path = WMPageController;
			sourceTree = "<group>";
		};
		029B44921CF685FF000D40B8 /* WMMenuView */ = {
			isa = PBXGroup;
			children = (
				029B44931CF685FF000D40B8 /* WMFooldView.h */,
				029B44941CF685FF000D40B8 /* WMFooldView.m */,
				029B44951CF685FF000D40B8 /* WMMenuItem.h */,
				029B44961CF685FF000D40B8 /* WMMenuItem.m */,
				029B44971CF685FF000D40B8 /* WMMenuView.h */,
				029B44981CF685FF000D40B8 /* WMMenuView.m */,
				029B44991CF685FF000D40B8 /* WMProgressView.h */,
				029B449A1CF685FF000D40B8 /* WMProgressView.m */,
				029B449B1CF685FF000D40B8 /* WMScrollView.h */,
				029B449C1CF685FF000D40B8 /* WMScrollView.m */,
			);
			path = WMMenuView;
			sourceTree = "<group>";
		};
		029B449E1CF685FF000D40B8 /* WMPageController */ = {
			isa = PBXGroup;
			children = (
				029B449F1CF685FF000D40B8 /* WMMenuView */,
			);
			path = WMPageController;
			sourceTree = "<group>";
		};
		029B449F1CF685FF000D40B8 /* WMMenuView */ = {
			isa = PBXGroup;
			children = (
			);
			path = WMMenuView;
			sourceTree = "<group>";
		};
		029D3CBF1D0537DC00C6C1CA /* SDWebImage */ = {
			isa = PBXGroup;
			children = (
				029D3CC01D0537DC00C6C1CA /* NSData+ImageContentType.h */,
				029D3CC11D0537DC00C6C1CA /* NSData+ImageContentType.m */,
				029D3CC21D0537DC00C6C1CA /* SDImageCache.h */,
				029D3CC31D0537DC00C6C1CA /* SDImageCache.m */,
				029D3CC41D0537DC00C6C1CA /* SDWebImageCompat.h */,
				029D3CC51D0537DC00C6C1CA /* SDWebImageCompat.m */,
				029D3CC61D0537DC00C6C1CA /* SDWebImageDecoder.h */,
				029D3CC71D0537DC00C6C1CA /* SDWebImageDecoder.m */,
				029D3CC81D0537DC00C6C1CA /* SDWebImageDownloader.h */,
				029D3CC91D0537DC00C6C1CA /* SDWebImageDownloader.m */,
				029D3CCA1D0537DC00C6C1CA /* SDWebImageDownloaderOperation.h */,
				029D3CCB1D0537DC00C6C1CA /* SDWebImageDownloaderOperation.m */,
				029D3CCC1D0537DC00C6C1CA /* SDWebImageManager.h */,
				029D3CCD1D0537DC00C6C1CA /* SDWebImageManager.m */,
				029D3CCE1D0537DC00C6C1CA /* SDWebImageOperation.h */,
				029D3CCF1D0537DC00C6C1CA /* SDWebImagePrefetcher.h */,
				029D3CD01D0537DC00C6C1CA /* SDWebImagePrefetcher.m */,
				029D3CD11D0537DC00C6C1CA /* UIButton+WebCache.h */,
				029D3CD21D0537DC00C6C1CA /* UIButton+WebCache.m */,
				029D3CD31D0537DC00C6C1CA /* UIImage+GIF.h */,
				029D3CD41D0537DC00C6C1CA /* UIImage+GIF.m */,
				029D3CD51D0537DC00C6C1CA /* UIImage+MultiFormat.h */,
				029D3CD61D0537DC00C6C1CA /* UIImage+MultiFormat.m */,
				029D3CD71D0537DC00C6C1CA /* UIImageView+HighlightedWebCache.h */,
				029D3CD81D0537DC00C6C1CA /* UIImageView+HighlightedWebCache.m */,
				029D3CD91D0537DC00C6C1CA /* UIImageView+WebCache.h */,
				029D3CDA1D0537DC00C6C1CA /* UIImageView+WebCache.m */,
				029D3CDB1D0537DC00C6C1CA /* UIView+WebCacheOperation.h */,
				029D3CDC1D0537DC00C6C1CA /* UIView+WebCacheOperation.m */,
			);
			path = SDWebImage;
			sourceTree = "<group>";
		};
		02B1EC251CF83D8900D4C8C3 /* ConsumeScore */ = {
			isa = PBXGroup;
			children = (
				02F828BB1CFD52540010D22D /* ConsumeScoreController.h */,
				02F828BC1CFD52540010D22D /* ConsumeScoreController.m */,
				027E98751CFE7088008495C9 /* ConsumeScoreByUserNameController.h */,
				027E98761CFE7088008495C9 /* ConsumeScoreByUserNameController.m */,
				027E98781CFE71B6008495C9 /* ConsumeScoreByQRCodeController.h */,
				027E98791CFE71B6008495C9 /* ConsumeScoreByQRCodeController.m */,
				02BB6F2F1CFFDBDF00ACF3E3 /* ScanQRCodeController.h */,
				02BB6F301CFFDBDF00ACF3E3 /* ScanQRCodeController.m */,
				02BB6F321D00163300ACF3E3 /* ConsumeScoreSuccessController.h */,
				02BB6F331D00163300ACF3E3 /* ConsumeScoreSuccessController.m */,
			);
			path = ConsumeScore;
			sourceTree = "<group>";
		};
		02B1EC261CF83D8900D4C8C3 /* ModifyScore */ = {
			isa = PBXGroup;
			children = (
				02B1EC371CF83E5800D4C8C3 /* ModifyScoreController.h */,
				02B1EC381CF83E5800D4C8C3 /* ModifyScoreController.m */,
			);
			path = ModifyScore;
			sourceTree = "<group>";
		};
		02B1EC271CF83D8900D4C8C3 /* UsableScore */ = {
			isa = PBXGroup;
			children = (
				02B1EC281CF83D8900D4C8C3 /* AddScorePopView.h */,
				02B1EC291CF83D8900D4C8C3 /* AddScorePopView.m */,
				02B1EC2A1CF83D8900D4C8C3 /* AddScoreView.h */,
				02B1EC2B1CF83D8900D4C8C3 /* AddScoreView.m */,
				02B1EC2C1CF83D8900D4C8C3 /* InputDateView.h */,
				02B1EC2D1CF83D8900D4C8C3 /* InputDateView.m */,
				02B1EC2E1CF83D8900D4C8C3 /* QueryScoreChangeView.h */,
				02B1EC2F1CF83D8900D4C8C3 /* QueryScoreChangeView.m */,
				02B1EC301CF83D8900D4C8C3 /* UsableScoreController.h */,
				02B1EC311CF83D8900D4C8C3 /* UsableScoreController.m */,
				0238D2901D01875D007C184B /* ScoreCell.h */,
				0238D2911D01875D007C184B /* ScoreCell.m */,
			);
			path = UsableScore;
			sourceTree = "<group>";
		};
		02B8FE791CE80E14002BF43D /* Register */ = {
			isa = PBXGroup;
			children = (
				02B8FE7A1CE80E24002BF43D /* RegisterController.h */,
				02B8FE7B1CE80E24002BF43D /* RegisterController.m */,
			);
			path = Register;
			sourceTree = "<group>";
		};
		02B8FE801CE8134D002BF43D /* Home */ = {
			isa = PBXGroup;
			children = (
				02B8FE811CE81363002BF43D /* HomeController.h */,
				02B8FE821CE81363002BF43D /* HomeController.m */,
				02B8FE841CE8195B002BF43D /* HomeTopView.h */,
				02B8FE851CE8195B002BF43D /* HomeTopView.m */,
			);
			path = Home;
			sourceTree = "<group>";
		};
		02DD6CCC1C796B6C00F215B3 = {
			isa = PBXGroup;
			children = (
				02DD6CD71C796B6C00F215B3 /* JiLeFenForBusiness */,
				02DD6CD61C796B6C00F215B3 /* Products */,
			);
			sourceTree = "<group>";
		};
		02DD6CD61C796B6C00F215B3 /* Products */ = {
			isa = PBXGroup;
			children = (
				02DD6CD51C796B6C00F215B3 /* JiLeFenForBusiness.app */,
			);
			name = Products;
			sourceTree = "<group>";
		};
		02DD6CD71C796B6C00F215B3 /* JiLeFenForBusiness */ = {
			isa = PBXGroup;
			children = (
				02DD6CD81C796B6C00F215B3 /* Supporting Files */,
				02B1EC251CF83D8900D4C8C3 /* ConsumeScore */,
				02B1EC261CF83D8900D4C8C3 /* ModifyScore */,
				02B1EC271CF83D8900D4C8C3 /* UsableScore */,
				029B448D1CF684BB000D40B8 /* GoodsConvert */,
				0277B0601CF15ECE0099143B /* AppDelegate */,
				0277B0031CF14CA50099143B /* Activity */,
				024816B71CEB1027003C8CEC /* Model */,
				026E8E1C1CE84B1B00A8051C /* Account */,
				02B8FE801CE8134D002BF43D /* Home */,
				02B8FE791CE80E14002BF43D /* Register */,
				02092DEA1CE3804D006FEB21 /* ThirdLibrary */,
				02FFD0401CDEE85E00EEA0D1 /* Common */,
				02FFD03E1CDEE7D600EEA0D1 /* Config */,
				02FFD0371CDEE6DA00EEA0D1 /* Login */,
			);
			path = JiLeFenForBusiness;
			sourceTree = "<group>";
		};
		02DD6CD81C796B6C00F215B3 /* Supporting Files */ = {
			isa = PBXGroup;
			children = (
				02DD6CFE1C796E8600F215B3 /* Assets.xcassets */,
				02DD6CFD1C796E2700F215B3 /* PrefixHeader.pch */,
				02DD6CE61C796B6D00F215B3 /* LaunchScreen.storyboard */,
				02DD6CD91C796B6C00F215B3 /* main.m */,
				02DD6CE91C796B6D00F215B3 /* Info.plist */,
			);
			name = "Supporting Files";
			sourceTree = "<group>";
		};
		02FFD0371CDEE6DA00EEA0D1 /* Login */ = {
			isa = PBXGroup;
			children = (
				02FFD0381CDEE6F000EEA0D1 /* LoginController.h */,
				02FFD0391CDEE6F000EEA0D1 /* LoginController.m */,
				02FFD03B1CDEE70D00EEA0D1 /* LoginView.h */,
				02FFD03C1CDEE70D00EEA0D1 /* LoginView.m */,
			);
			path = Login;
			sourceTree = "<group>";
		};
		02FFD03E1CDEE7D600EEA0D1 /* Config */ = {
			isa = PBXGroup;
			children = (
				02FFD03F1CDEE80700EEA0D1 /* ColorDefine.h */,
				02092E251CE38F73006FEB21 /* URLDefine.h */,
				029D44661CF340B900EB18A1 /* SizeDefine.h */,
			);
			path = Config;
			sourceTree = "<group>";
		};
		02FFD0401CDEE85E00EEA0D1 /* Common */ = {
			isa = PBXGroup;
			children = (
				0277B05F1CF15B890099143B /* MacroDefine.h */,
				0277B05C1CF15B7B0099143B /* QRCodeGenerator.h */,
				0277B05D1CF15B7B0099143B /* QRCodeGenerator.m */,
				0277B0591CF15B680099143B /* UIImage+Resize.h */,
				0277B05A1CF15B680099143B /* UIImage+Resize.m */,
				0277B0561CF15B480099143B /* UIBarButtonItem+CustomItem.h */,
				0277B0571CF15B480099143B /* UIBarButtonItem+CustomItem.m */,
				0277B04A1CF154010099143B /* NSArray+Description.h */,
				0277B04B1CF154010099143B /* NSArray+Description.m */,
				0277B04C1CF154010099143B /* NSDictionary+Decription.h */,
				0277B04D1CF154010099143B /* NSDictionary+Decription.m */,
				02FFD04B1CDEF08A00EEA0D1 /* UIView+HYGeometry.h */,
				02FFD04C1CDEF08A00EEA0D1 /* UIView+HYGeometry.m */,
				02FFD0411CDEE89C00EEA0D1 /* UIColor+Additional.h */,
				02FFD0421CDEE89C00EEA0D1 /* UIColor+Additional.m */,
			);
			path = Common;
			sourceTree = "<group>";
		};
/* End PBXGroup section */

/* Begin PBXNativeTarget section */
		02DD6CD41C796B6C00F215B3 /* JiLeFenForBusiness */ = {
			isa = PBXNativeTarget;
			buildConfigurationList = 02DD6CEC1C796B6D00F215B3 /* Build configuration list for PBXNativeTarget "JiLeFenForBusiness" */;
			buildPhases = (
				02DD6CD11C796B6C00F215B3 /* Sources */,
				02DD6CD21C796B6C00F215B3 /* Frameworks */,
				02DD6CD31C796B6C00F215B3 /* Resources */,
			);
			buildRules = (
			);
			dependencies = (
			);
			name = JiLeFenForBusiness;
			productName = JiLeFenForBusiness;
			productReference = 02DD6CD51C796B6C00F215B3 /* JiLeFenForBusiness.app */;
			productType = "com.apple.product-type.application";
		};
/* End PBXNativeTarget section */

/* Begin PBXProject section */
		02DD6CCD1C796B6C00F215B3 /* Project object */ = {
			isa = PBXProject;
			attributes = {
				LastUpgradeCheck = 0710;
				ORGANIZATIONNAME = tarena;
				TargetAttributes = {
					02DD6CD41C796B6C00F215B3 = {
						CreatedOnToolsVersion = 7.1;
						DevelopmentTeam = EAF4SQC798;
					};
				};
			};
			buildConfigurationList = 02DD6CD01C796B6C00F215B3 /* Build configuration list for PBXProject "JiLeFenForBusiness" */;
			compatibilityVersion = "Xcode 3.2";
			developmentRegion = English;
			hasScannedForEncodings = 0;
			knownRegions = (
				en,
				Base,
			);
			mainGroup = 02DD6CCC1C796B6C00F215B3;
			productRefGroup = 02DD6CD61C796B6C00F215B3 /* Products */;
			projectDirPath = "";
			projectRoot = "";
			targets = (
				02DD6CD41C796B6C00F215B3 /* JiLeFenForBusiness */,
			);
		};
/* End PBXProject section */

/* Begin PBXResourcesBuildPhase section */
		02DD6CD31C796B6C00F215B3 /* Resources */ = {
			isa = PBXResourcesBuildPhase;
			buildActionMask = 2147483647;
			files = (
				02DD6CE81C796B6D00F215B3 /* LaunchScreen.storyboard in Resources */,
				02DD6CFF1C796E8600F215B3 /* Assets.xcassets in Resources */,
				0277B0421CF14F520099143B /* MJRefresh.bundle in Resources */,
			);
			runOnlyForDeploymentPostprocessing = 0;
		};
/* End PBXResourcesBuildPhase section */

/* Begin PBXSourcesBuildPhase section */
		02DD6CD11C796B6C00F215B3 /* Sources */ = {
			isa = PBXSourcesBuildPhase;
			buildActionMask = 2147483647;
			files = (
				0277B0631CF15EE10099143B /* AppDelegate.m in Sources */,
				02092E031CE38F4B006FEB21 /* AFSecurityPolicy.m in Sources */,
				02B8FE7C1CE80E24002BF43D /* RegisterController.m in Sources */,
				029B44A51CF685FF000D40B8 /* WMProgressView.m in Sources */,
				02B8FE831CE81363002BF43D /* HomeController.m in Sources */,
				02B1EC351CF83D8900D4C8C3 /* QueryScoreChangeView.m in Sources */,
				0277B05B1CF15B680099143B /* UIImage+Resize.m in Sources */,
				029D3CDE1D0537DC00C6C1CA /* SDImageCache.m in Sources */,
				02BB6F2E1CFFC96900ACF3E3 /* ConvertInfoCell.m in Sources */,
				02BB6F311CFFDBDF00ACF3E3 /* ScanQRCodeController.m in Sources */,
				0277B0451CF14F520099143B /* UIScrollView+MJRefresh.m in Sources */,
				0277B0711CF161320099143B /* ActivityTitleView.m in Sources */,
				029D3CE01D0537DC00C6C1CA /* SDWebImageDecoder.m in Sources */,
				0277B0461CF14F520099143B /* UIView+MJExtension.m in Sources */,
				027E98771CFE7088008495C9 /* ConsumeScoreByUserNameController.m in Sources */,
				029D3CE61D0537DC00C6C1CA /* UIImage+GIF.m in Sources */,
				02B1EC321CF83D8900D4C8C3 /* AddScorePopView.m in Sources */,
				029B44A71CF685FF000D40B8 /* WMPageController.m in Sources */,
				029D3CE51D0537DC00C6C1CA /* UIButton+WebCache.m in Sources */,
				02B1EC361CF83D8900D4C8C3 /* UsableScoreController.m in Sources */,
				0277B0391CF14F520099143B /* MJRefreshAutoGifFooter.m in Sources */,
				0277B0361CF14F520099143B /* MJRefreshComponent.m in Sources */,
				02092E1D1CE38F51006FEB21 /* AFImageDownloader.m in Sources */,
				02FFD03A1CDEE6F000EEA0D1 /* LoginController.m in Sources */,
				02092E201CE38F51006FEB21 /* UIButton+AFNetworking.m in Sources */,
				029B44A21CF685FF000D40B8 /* WMFooldView.m in Sources */,
				02092E061CE38F4B006FEB21 /* AFURLSessionManager.m in Sources */,
				0277B0401CF14F520099143B /* MJRefreshNormalHeader.m in Sources */,
				02D642E91CF205D600F62F5E /* ActivityPopView.m in Sources */,
				02FFD04D1CDEF08A00EEA0D1 /* UIView+HYGeometry.m in Sources */,
				024816BA1CEB1035003C8CEC /* User.m in Sources */,
				029D3CE31D0537DC00C6C1CA /* SDWebImageManager.m in Sources */,
				02092E221CE38F51006FEB21 /* UIProgressView+AFNetworking.m in Sources */,
				0277B0741CF176460099143B /* ActivityDateView.m in Sources */,
				02FFD0431CDEE89C00EEA0D1 /* UIColor+Additional.m in Sources */,
				029D44691CF3420B00EB18A1 /* PopView.m in Sources */,
				0277B0441CF14F520099143B /* UIScrollView+MJExtension.m in Sources */,
				0277B04F1CF154010099143B /* NSDictionary+Decription.m in Sources */,
				024816B31CEB0465003C8CEC /* ModifyPasswordController.m in Sources */,
				029B44901CF684D9000D40B8 /* GoodsConvertController.m in Sources */,
				029B44D71CF6D63B000D40B8 /* GoodsInfoController.m in Sources */,
				02F828BD1CFD52540010D22D /* ConsumeScoreController.m in Sources */,
				029D44651CF33EFB00EB18A1 /* ViewUtil.m in Sources */,
				0277B0491CF1531B0099143B /* Activity.m in Sources */,
				0277B0341CF14F520099143B /* MJRefreshAutoFooter.m in Sources */,
				0277B06E1CF160C60099143B /* CreateActivityController.m in Sources */,
				02092DF21CE380A6006FEB21 /* MenuScrollView.m in Sources */,
				02B8FE861CE8195B002BF43D /* HomeTopView.m in Sources */,
				0277B0371CF14F520099143B /* MJRefreshFooter.m in Sources */,
				0277B05E1CF15B7B0099143B /* QRCodeGenerator.m in Sources */,
				02092E1C1CE38F51006FEB21 /* AFAutoPurgingImageCache.m in Sources */,
				0277B04E1CF154010099143B /* NSArray+Description.m in Sources */,
				029D3CEA1D0537DC00C6C1CA /* UIView+WebCacheOperation.m in Sources */,
				029B44AA1CF6892B000D40B8 /* CheckCodeController.m in Sources */,
				027E987A1CFE71B6008495C9 /* ConsumeScoreByQRCodeController.m in Sources */,
				02DD6CDA1C796B6C00F215B3 /* main.m in Sources */,
				0277B03E1CF14F520099143B /* MJRefreshBackStateFooter.m in Sources */,
				029B44DA1CF6ED7C000D40B8 /* GoodsInfoView.m in Sources */,
				029B44A31CF685FF000D40B8 /* WMMenuItem.m in Sources */,
				0277B03F1CF14F520099143B /* MJRefreshGifHeader.m in Sources */,
				0277B0381CF14F520099143B /* MJRefreshHeader.m in Sources */,
				02092E1F1CE38F51006FEB21 /* UIActivityIndicatorView+AFNetworking.m in Sources */,
				0277B0351CF14F520099143B /* MJRefreshBackFooter.m in Sources */,
				0277B06A1CF160990099143B /* ActivityCell.m in Sources */,
				02B1EC331CF83D8900D4C8C3 /* AddScoreView.m in Sources */,
				029B44A41CF685FF000D40B8 /* WMMenuView.m in Sources */,
				029D3CE41D0537DC00C6C1CA /* SDWebImagePrefetcher.m in Sources */,
				029D3CE91D0537DC00C6C1CA /* UIImageView+WebCache.m in Sources */,
				029D3CE81D0537DC00C6C1CA /* UIImageView+HighlightedWebCache.m in Sources */,
				02BB6F2B1CFFC95C00ACF3E3 /* GoodsInfoCell.m in Sources */,
				02BB6F341D00163300ACF3E3 /* ConsumeScoreSuccessController.m in Sources */,
				029D3CDD1D0537DC00C6C1CA /* NSData+ImageContentType.m in Sources */,
				02FFD03D1CDEE70D00EEA0D1 /* LoginView.m in Sources */,
				02092E211CE38F51006FEB21 /* UIImageView+AFNetworking.m in Sources */,
				0277B0581CF15B480099143B /* UIBarButtonItem+CustomItem.m in Sources */,
				02092E1E1CE38F51006FEB21 /* AFNetworkActivityIndicatorManager.m in Sources */,
				0277B0411CF14F520099143B /* MJRefreshStateHeader.m in Sources */,
				0277B0771CF1A5F00099143B /* SelectImageView.m in Sources */,
				0277B03D1CF14F520099143B /* MJRefreshBackNormalFooter.m in Sources */,
				029D3CE71D0537DC00C6C1CA /* UIImage+MultiFormat.m in Sources */,
				02B1EC391CF83E5800D4C8C3 /* ModifyScoreController.m in Sources */,
				02092DEE1CE38058006FEB21 /* MBProgressHUD.m in Sources */,
				029D3CDF1D0537DC00C6C1CA /* SDWebImageCompat.m in Sources */,
				0277B03B1CF14F520099143B /* MJRefreshAutoStateFooter.m in Sources */,
				026E8E221CE84D9400A8051C /* AccountInfoView.m in Sources */,
				0277B0431CF14F520099143B /* MJRefreshConst.m in Sources */,
				02D642E51CF1EEC400F62F5E /* ActivityContentView.m in Sources */,
				0277B03A1CF14F520099143B /* MJRefreshAutoNormalFooter.m in Sources */,
				0238D2921D01875D007C184B /* ScoreCell.m in Sources */,
				026E8E1F1CE84D4800A8051C /* AccountController.m in Sources */,
				02B1EC341CF83D8900D4C8C3 /* InputDateView.m in Sources */,
				029B44AD1CF68F16000D40B8 /* GoodsListController.m in Sources */,
				02092E011CE38F4B006FEB21 /* AFHTTPSessionManager.m in Sources */,
				02092E231CE38F51006FEB21 /* UIRefreshControl+AFNetworking.m in Sources */,
				021A10851D02711300FCA253 /* VerifySuccessController.m in Sources */,
				029B44A61CF685FF000D40B8 /* WMScrollView.m in Sources */,
				029D3CE11D0537DC00C6C1CA /* SDWebImageDownloader.m in Sources */,
				0277B03C1CF14F520099143B /* MJRefreshBackGifFooter.m in Sources */,
				024816B61CEB0585003C8CEC /* ModifyPasswordCell.m in Sources */,
				029D3CE21D0537DC00C6C1CA /* SDWebImageDownloaderOperation.m in Sources */,
				0277B06B1CF160990099143B /* ActivityListController.m in Sources */,
				02092E041CE38F4B006FEB21 /* AFURLRequestSerialization.m in Sources */,
				02092E241CE38F51006FEB21 /* UIWebView+AFNetworking.m in Sources */,
				02092E021CE38F4B006FEB21 /* AFNetworkReachabilityManager.m in Sources */,
				02092E051CE38F4B006FEB21 /* AFURLResponseSerialization.m in Sources */,
			);
			runOnlyForDeploymentPostprocessing = 0;
		};
/* End PBXSourcesBuildPhase section */

/* Begin PBXVariantGroup section */
		02DD6CE61C796B6D00F215B3 /* LaunchScreen.storyboard */ = {
			isa = PBXVariantGroup;
			children = (
				02DD6CE71C796B6D00F215B3 /* Base */,
			);
			name = LaunchScreen.storyboard;
			sourceTree = "<group>";
		};
/* End PBXVariantGroup section */

/* Begin XCBuildConfiguration section */
		02DD6CEA1C796B6D00F215B3 /* Debug */ = {
			isa = XCBuildConfiguration;
			buildSettings = {
				ALWAYS_SEARCH_USER_PATHS = NO;
				CLANG_CXX_LANGUAGE_STANDARD = "gnu++0x";
				CLANG_CXX_LIBRARY = "libc++";
				CLANG_ENABLE_MODULES = YES;
				CLANG_ENABLE_OBJC_ARC = YES;
				CLANG_WARN_BOOL_CONVERSION = YES;
				CLANG_WARN_CONSTANT_CONVERSION = YES;
				CLANG_WARN_DIRECT_OBJC_ISA_USAGE = YES_ERROR;
				CLANG_WARN_EMPTY_BODY = YES;
				CLANG_WARN_ENUM_CONVERSION = YES;
				CLANG_WARN_INT_CONVERSION = YES;
				CLANG_WARN_OBJC_ROOT_CLASS = YES_ERROR;
				CLANG_WARN_UNREACHABLE_CODE = YES;
				CLANG_WARN__DUPLICATE_METHOD_MATCH = YES;
				"CODE_SIGN_IDENTITY[sdk=iphoneos*]" = "iPhone Developer";
				COPY_PHASE_STRIP = NO;
				DEBUG_INFORMATION_FORMAT = dwarf;
				ENABLE_STRICT_OBJC_MSGSEND = YES;
				ENABLE_TESTABILITY = YES;
				GCC_C_LANGUAGE_STANDARD = gnu99;
				GCC_DYNAMIC_NO_PIC = NO;
				GCC_NO_COMMON_BLOCKS = YES;
				GCC_OPTIMIZATION_LEVEL = 0;
				GCC_PREPROCESSOR_DEFINITIONS = (
					"DEBUG=1",
					"$(inherited)",
				);
				GCC_WARN_64_TO_32_BIT_CONVERSION = YES;
				GCC_WARN_ABOUT_RETURN_TYPE = YES_ERROR;
				GCC_WARN_UNDECLARED_SELECTOR = YES;
				GCC_WARN_UNINITIALIZED_AUTOS = YES_AGGRESSIVE;
				GCC_WARN_UNUSED_FUNCTION = YES;
				GCC_WARN_UNUSED_VARIABLE = YES;
				IPHONEOS_DEPLOYMENT_TARGET = 9.1;
				MTL_ENABLE_DEBUG_INFO = YES;
				ONLY_ACTIVE_ARCH = YES;
				SDKROOT = iphoneos;
				TARGETED_DEVICE_FAMILY = "1,2";
			};
			name = Debug;
		};
		02DD6CEB1C796B6D00F215B3 /* Release */ = {
			isa = XCBuildConfiguration;
			buildSettings = {
				ALWAYS_SEARCH_USER_PATHS = NO;
				CLANG_CXX_LANGUAGE_STANDARD = "gnu++0x";
				CLANG_CXX_LIBRARY = "libc++";
				CLANG_ENABLE_MODULES = YES;
				CLANG_ENABLE_OBJC_ARC = YES;
				CLANG_WARN_BOOL_CONVERSION = YES;
				CLANG_WARN_CONSTANT_CONVERSION = YES;
				CLANG_WARN_DIRECT_OBJC_ISA_USAGE = YES_ERROR;
				CLANG_WARN_EMPTY_BODY = YES;
				CLANG_WARN_ENUM_CONVERSION = YES;
				CLANG_WARN_INT_CONVERSION = YES;
				CLANG_WARN_OBJC_ROOT_CLASS = YES_ERROR;
				CLANG_WARN_UNREACHABLE_CODE = YES;
				CLANG_WARN__DUPLICATE_METHOD_MATCH = YES;
				"CODE_SIGN_IDENTITY[sdk=iphoneos*]" = "iPhone Developer";
				COPY_PHASE_STRIP = NO;
				DEBUG_INFORMATION_FORMAT = "dwarf-with-dsym";
				ENABLE_NS_ASSERTIONS = NO;
				ENABLE_STRICT_OBJC_MSGSEND = YES;
				GCC_C_LANGUAGE_STANDARD = gnu99;
				GCC_NO_COMMON_BLOCKS = YES;
				GCC_WARN_64_TO_32_BIT_CONVERSION = YES;
				GCC_WARN_ABOUT_RETURN_TYPE = YES_ERROR;
				GCC_WARN_UNDECLARED_SELECTOR = YES;
				GCC_WARN_UNINITIALIZED_AUTOS = YES_AGGRESSIVE;
				GCC_WARN_UNUSED_FUNCTION = YES;
				GCC_WARN_UNUSED_VARIABLE = YES;
				IPHONEOS_DEPLOYMENT_TARGET = 9.1;
				MTL_ENABLE_DEBUG_INFO = NO;
				SDKROOT = iphoneos;
				TARGETED_DEVICE_FAMILY = "1,2";
				VALIDATE_PRODUCT = YES;
			};
			name = Release;
		};
		02DD6CED1C796B6D00F215B3 /* Debug */ = {
			isa = XCBuildConfiguration;
			buildSettings = {
				ASSETCATALOG_COMPILER_APPICON_NAME = AppIcon;
				ASSETCATALOG_COMPILER_LAUNCHIMAGE_NAME = "Brand Assets";
				CODE_SIGN_IDENTITY = "iPhone Developer";
				"CODE_SIGN_IDENTITY[sdk=iphoneos*]" = "iPhone Developer";
				GCC_PRECOMPILE_PREFIX_HEADER = YES;
				GCC_PREFIX_HEADER = "${PRODUCT_NAME}/PrefixHeader.pch";
				INFOPLIST_FILE = JiLeFenForBusiness/Info.plist;
				IPHONEOS_DEPLOYMENT_TARGET = 7.1;
				LD_RUNPATH_SEARCH_PATHS = "$(inherited) @executable_path/Frameworks";
				PRODUCT_BUNDLE_IDENTIFIER = cn.tedu.JiLeFenForBusiness;
				PRODUCT_NAME = "$(TARGET_NAME)";
				PROVISIONING_PROFILE = "f166f9cc-3d64-4938-9221-3a606e1d338b";
				TARGETED_DEVICE_FAMILY = 1;
			};
			name = Debug;
		};
		02DD6CEE1C796B6D00F215B3 /* Release */ = {
			isa = XCBuildConfiguration;
			buildSettings = {
				ASSETCATALOG_COMPILER_APPICON_NAME = AppIcon;
				ASSETCATALOG_COMPILER_LAUNCHIMAGE_NAME = "Brand Assets";
				CODE_SIGN_IDENTITY = "iPhone Developer";
				"CODE_SIGN_IDENTITY[sdk=iphoneos*]" = "iPhone Developer";
				GCC_PRECOMPILE_PREFIX_HEADER = YES;
				GCC_PREFIX_HEADER = "${PRODUCT_NAME}/PrefixHeader.pch";
				INFOPLIST_FILE = JiLeFenForBusiness/Info.plist;
				IPHONEOS_DEPLOYMENT_TARGET = 7.1;
				LD_RUNPATH_SEARCH_PATHS = "$(inherited) @executable_path/Frameworks";
				PRODUCT_BUNDLE_IDENTIFIER = cn.tedu.JiLeFenForBusiness;
				PRODUCT_NAME = "$(TARGET_NAME)";
				PROVISIONING_PROFILE = "f166f9cc-3d64-4938-9221-3a606e1d338b";
				TARGETED_DEVICE_FAMILY = 1;
			};
			name = Release;
		};
/* End XCBuildConfiguration section */

/* Begin XCConfigurationList section */
		02DD6CD01C796B6C00F215B3 /* Build configuration list for PBXProject "JiLeFenForBusiness" */ = {
			isa = XCConfigurationList;
			buildConfigurations = (
				02DD6CEA1C796B6D00F215B3 /* Debug */,
				02DD6CEB1C796B6D00F215B3 /* Release */,
			);
			defaultConfigurationIsVisible = 0;
			defaultConfigurationName = Release;
		};
		02DD6CEC1C796B6D00F215B3 /* Build configuration list for PBXNativeTarget "JiLeFenForBusiness" */ = {
			isa = XCConfigurationList;
			buildConfigurations = (
				02DD6CED1C796B6D00F215B3 /* Debug */,
				02DD6CEE1C796B6D00F215B3 /* Release */,
			);
			defaultConfigurationIsVisible = 0;
			defaultConfigurationName = Release;
		};
/* End XCConfigurationList section */
	};
	rootObject = 02DD6CCD1C796B6C00F215B3 /* Project object */;
}
